PODS:
  - JazzHands (2.0.8)
  - ReactiveObjC (3.0.0)

DEPENDENCIES:
  - JazzHands
  - ReactiveObjC

SPEC CHECKSUMS:
  JazzHands: 355dc5c2b6fc38ee460d0ed7836c69539263f477
  ReactiveObjC: ce79989e8684b9086b5f8d0c74bc7b81a8729c9e

PODFILE CHECKSUM: c6ec3fc8c5b22a56dbdf9621ffa9b4562c6f0d54

COCOAPODS: 1.2.1
