// !$*UTF8*$!
{
	archiveVersion = 1;
	classes = {
	};
	objectVersion = 46;
	objects = {

/* Begin PBXBuildFile section */
		1C180EF687558E0F2E6C2202 /* libPods-AnimationLab.a in Frameworks */ = {isa = PBXBuildFile; fileRef = 2239B63C1EFDBED1E5150812 /* libPods-AnimationLab.a */; };
		4368DA5300296C22A7D5E8FF /* libPods-AnimationLabUITests.a in Frameworks */ = {isa = PBXBuildFile; fileRef = 016618C0217F7D5669FF05E4 /* libPods-AnimationLabUITests.a */; };
		683DA968BB1E212A553A543D /* libPods-AnimationLabTests.a in Frameworks */ = {isa = PBXBuildFile; fileRef = D9746C8188902B91538629D8 /* libPods-AnimationLabTests.a */; };
		8F25F9231EE68F960052A21D /* Zample21Controller.m in Sources */ = {isa = PBXBuildFile; fileRef = 8F25F9221EE68F960052A21D /* Zample21Controller.m */; };
		8F25F9261EE68FD20052A21D /* DrawView.m in Sources */ = {isa = PBXBuildFile; fileRef = 8F25F9251EE68FD20052A21D /* DrawView.m */; };
		8F25F9291EE6924C0052A21D /* DrawShapelayerView.m in Sources */ = {isa = PBXBuildFile; fileRef = 8F25F9281EE6924C0052A21D /* DrawShapelayerView.m */; };
		8F37C0171EFB644600EE713F /* ZA6ViewController.m in Sources */ = {isa = PBXBuildFile; fileRef = 8F37C0161EFB644600EE713F /* ZA6ViewController.m */; };
		8F37C01B1EFB678500EE713F /* ZA7ViewController.m in Sources */ = {isa = PBXBuildFile; fileRef = 8F37C01A1EFB678500EE713F /* ZA7ViewController.m */; };
		8F37C02A1EFB67B100EE713F /* StartMoveView.m in Sources */ = {isa = PBXBuildFile; fileRef = 8F37C01D1EFB67B100EE713F /* StartMoveView.m */; };
		8F37C02B1EFB67B100EE713F /* Guide1.m in Sources */ = {isa = PBXBuildFile; fileRef = 8F37C01F1EFB67B100EE713F /* Guide1.m */; };
		8F37C02C1EFB67B100EE713F /* Guide1View.xib in Resources */ = {isa = PBXBuildFile; fileRef = 8F37C0201EFB67B100EE713F /* Guide1View.xib */; };
		8F37C02D1EFB67B100EE713F /* Guide2.m in Sources */ = {isa = PBXBuildFile; fileRef = 8F37C0221EFB67B100EE713F /* Guide2.m */; };
		8F37C02E1EFB67B100EE713F /* Guide2View.xib in Resources */ = {isa = PBXBuildFile; fileRef = 8F37C0231EFB67B100EE713F /* Guide2View.xib */; };
		8F37C02F1EFB67B100EE713F /* Guide3.m in Sources */ = {isa = PBXBuildFile; fileRef = 8F37C0251EFB67B100EE713F /* Guide3.m */; };
		8F37C0301EFB67B100EE713F /* Guide3View.xib in Resources */ = {isa = PBXBuildFile; fileRef = 8F37C0261EFB67B100EE713F /* Guide3View.xib */; };
		8F37C0311EFB67B100EE713F /* Guide4.m in Sources */ = {isa = PBXBuildFile; fileRef = 8F37C0281EFB67B100EE713F /* Guide4.m */; };
		8F37C0321EFB67B100EE713F /* Guide4View.xib in Resources */ = {isa = PBXBuildFile; fileRef = 8F37C0291EFB67B100EE713F /* Guide4View.xib */; };
		8F37C0361EFCDC8300EE713F /* ZA8ViewController.m in Sources */ = {isa = PBXBuildFile; fileRef = 8F37C0351EFCDC8300EE713F /* ZA8ViewController.m */; };
		8F5C09AC1ECD23240061CDEF /* Zample2Controller.m in Sources */ = {isa = PBXBuildFile; fileRef = 8F5C09AB1ECD23240061CDEF /* Zample2Controller.m */; };
		8F5C09AF1ECD26A60061CDEF /* Zample3Controller.m in Sources */ = {isa = PBXBuildFile; fileRef = 8F5C09AE1ECD26A60061CDEF /* Zample3Controller.m */; };
		8F5C09B21ECD3FC90061CDEF /* Zample4Controller.m in Sources */ = {isa = PBXBuildFile; fileRef = 8F5C09B11ECD3FC80061CDEF /* Zample4Controller.m */; };
		8F5C09B51ECD45280061CDEF /* Zample5Controller.m in Sources */ = {isa = PBXBuildFile; fileRef = 8F5C09B41ECD45280061CDEF /* Zample5Controller.m */; };
		8F5C09B81ECE88F30061CDEF /* Zample6Controller.m in Sources */ = {isa = PBXBuildFile; fileRef = 8F5C09B71ECE88F30061CDEF /* Zample6Controller.m */; };
		8F5C09BB1ECEDAF00061CDEF /* Zample7Controller.m in Sources */ = {isa = PBXBuildFile; fileRef = 8F5C09BA1ECEDAF00061CDEF /* Zample7Controller.m */; };
		8F5C09BE1ECEE0140061CDEF /* Zample8Controller.m in Sources */ = {isa = PBXBuildFile; fileRef = 8F5C09BD1ECEE0140061CDEF /* Zample8Controller.m */; };
		8F5C09C11ECEE3000061CDEF /* Zample9Controller.m in Sources */ = {isa = PBXBuildFile; fileRef = 8F5C09C01ECEE3000061CDEF /* Zample9Controller.m */; };
		8F5C09CA1ED26CCA0061CDEF /* Zample10Controller.m in Sources */ = {isa = PBXBuildFile; fileRef = 8F5C09C81ED26CCA0061CDEF /* Zample10Controller.m */; };
		8F5C09CB1ED26CCA0061CDEF /* Zample10Controller.xib in Resources */ = {isa = PBXBuildFile; fileRef = 8F5C09C91ED26CCA0061CDEF /* Zample10Controller.xib */; };
		8FBE48441EF10E2A005F0E74 /* ZA1CollectionViewCell.m in Sources */ = {isa = PBXBuildFile; fileRef = 8FBE483A1EF10E2A005F0E74 /* ZA1CollectionViewCell.m */; };
		8FBE48451EF10E2A005F0E74 /* ZA1CollectionViewCell.xib in Resources */ = {isa = PBXBuildFile; fileRef = 8FBE483B1EF10E2A005F0E74 /* ZA1CollectionViewCell.xib */; };
		8FBE48461EF10E2A005F0E74 /* ZA1PositiveTransition.m in Sources */ = {isa = PBXBuildFile; fileRef = 8FBE483D1EF10E2A005F0E74 /* ZA1PositiveTransition.m */; };
		8FBE48471EF10E2A005F0E74 /* ZA1ReverseTransition.m in Sources */ = {isa = PBXBuildFile; fileRef = 8FBE483F1EF10E2A005F0E74 /* ZA1ReverseTransition.m */; };
		8FBE48481EF10E2A005F0E74 /* ZA1SecondController.m in Sources */ = {isa = PBXBuildFile; fileRef = 8FBE48411EF10E2A005F0E74 /* ZA1SecondController.m */; };
		8FBE48491EF10E2A005F0E74 /* ZA1ViewController.m in Sources */ = {isa = PBXBuildFile; fileRef = 8FBE48431EF10E2A005F0E74 /* ZA1ViewController.m */; };
		8FBE484D1EF110B5005F0E74 /* ZA2ViewController.m in Sources */ = {isa = PBXBuildFile; fileRef = 8FBE484C1EF110B5005F0E74 /* ZA2ViewController.m */; };
		8FBE48501EF111EF005F0E74 /* ZA2SecViewController.m in Sources */ = {isa = PBXBuildFile; fileRef = 8FBE484F1EF111EF005F0E74 /* ZA2SecViewController.m */; };
		8FBE48531EF11813005F0E74 /* ZA2RotationPresentAnimation.m in Sources */ = {isa = PBXBuildFile; fileRef = 8FBE48521EF11813005F0E74 /* ZA2RotationPresentAnimation.m */; };
		8FBE48591EF11FAF005F0E74 /* ZA2RotationDismissAnimation.m in Sources */ = {isa = PBXBuildFile; fileRef = 8FBE48581EF11FAF005F0E74 /* ZA2RotationDismissAnimation.m */; };
		8FBE485D1EF12F05005F0E74 /* ZA3ViewController.m in Sources */ = {isa = PBXBuildFile; fileRef = 8FBE485C1EF12F05005F0E74 /* ZA3ViewController.m */; };
		8FBE48601EF12F1F005F0E74 /* ZA3SecViewController.m in Sources */ = {isa = PBXBuildFile; fileRef = 8FBE485F1EF12F1F005F0E74 /* ZA3SecViewController.m */; };
		8FBE486A1EF21349005F0E74 /* PingTransition.m in Sources */ = {isa = PBXBuildFile; fileRef = 8FBE48691EF21349005F0E74 /* PingTransition.m */; };
		8FBE48741EF22F51005F0E74 /* PingReverseTransition.m in Sources */ = {isa = PBXBuildFile; fileRef = 8FBE48731EF22F51005F0E74 /* PingReverseTransition.m */; };
		8FBE48781EF26115005F0E74 /* ZA4ViewController.m in Sources */ = {isa = PBXBuildFile; fileRef = 8FBE48771EF26115005F0E74 /* ZA4ViewController.m */; };
		8FBE48B71EF36083005F0E74 /* ZA4SecViewController.m in Sources */ = {isa = PBXBuildFile; fileRef = 8FBE48B61EF36083005F0E74 /* ZA4SecViewController.m */; };
		8FBE48BA1EF360CE005F0E74 /* PushTransition.m in Sources */ = {isa = PBXBuildFile; fileRef = 8FBE48B91EF360CE005F0E74 /* PushTransition.m */; };
		8FBE48BD1EF365FB005F0E74 /* PushReverseTransition.m in Sources */ = {isa = PBXBuildFile; fileRef = 8FBE48BC1EF365FB005F0E74 /* PushReverseTransition.m */; };
		8FBE48C01EF3B317005F0E74 /* KYPopInteractiveTransition.m in Sources */ = {isa = PBXBuildFile; fileRef = 8FBE48BF1EF3B317005F0E74 /* KYPopInteractiveTransition.m */; };
		8FBE48C41EF64879005F0E74 /* ZA5ViewController.m in Sources */ = {isa = PBXBuildFile; fileRef = 8FBE48C31EF64879005F0E74 /* ZA5ViewController.m */; };
		8FBE48C71EF64A9B005F0E74 /* ZA5SecController.m in Sources */ = {isa = PBXBuildFile; fileRef = 8FBE48C61EF64A9B005F0E74 /* ZA5SecController.m */; };
		8FBE48D01EF6583D005F0E74 /* Z5PresentationController.m in Sources */ = {isa = PBXBuildFile; fileRef = 8FBE48CF1EF6583D005F0E74 /* Z5PresentationController.m */; };
		8FBE48D31EF6584F005F0E74 /* Z5Transition.m in Sources */ = {isa = PBXBuildFile; fileRef = 8FBE48D21EF6584F005F0E74 /* Z5Transition.m */; };
		8FD33A351ECC2E6000BC488B /* main.m in Sources */ = {isa = PBXBuildFile; fileRef = 8FD33A341ECC2E6000BC488B /* main.m */; };
		8FD33A381ECC2E6000BC488B /* AppDelegate.m in Sources */ = {isa = PBXBuildFile; fileRef = 8FD33A371ECC2E6000BC488B /* AppDelegate.m */; };
		8FD33A3B1ECC2E6000BC488B /* ViewController.m in Sources */ = {isa = PBXBuildFile; fileRef = 8FD33A3A1ECC2E6000BC488B /* ViewController.m */; };
		8FD33A3E1ECC2E6000BC488B /* Main.storyboard in Resources */ = {isa = PBXBuildFile; fileRef = 8FD33A3C1ECC2E6000BC488B /* Main.storyboard */; };
		8FD33A401ECC2E6000BC488B /* Assets.xcassets in Resources */ = {isa = PBXBuildFile; fileRef = 8FD33A3F1ECC2E6000BC488B /* Assets.xcassets */; };
		8FD33A431ECC2E6000BC488B /* LaunchScreen.storyboard in Resources */ = {isa = PBXBuildFile; fileRef = 8FD33A411ECC2E6000BC488B /* LaunchScreen.storyboard */; };
		8FD33A4E1ECC2E6000BC488B /* AnimationLabTests.m in Sources */ = {isa = PBXBuildFile; fileRef = 8FD33A4D1ECC2E6000BC488B /* AnimationLabTests.m */; };
		8FD33A591ECC2E6000BC488B /* AnimationLabUITests.m in Sources */ = {isa = PBXBuildFile; fileRef = 8FD33A581ECC2E6000BC488B /* AnimationLabUITests.m */; };
		8FD33A681ECC2F0700BC488B /* HomeCell.m in Sources */ = {isa = PBXBuildFile; fileRef = 8FD33A671ECC2F0700BC488B /* HomeCell.m */; };
		8FD33A6C1ECC30D300BC488B /* Zample1Controller.m in Sources */ = {isa = PBXBuildFile; fileRef = 8FD33A6B1ECC30D300BC488B /* Zample1Controller.m */; };
		8FE9C4F21ED3DBEB003DA221 /* Zample11Controller.m in Sources */ = {isa = PBXBuildFile; fileRef = 8FE9C4F11ED3DBEB003DA221 /* Zample11Controller.m */; };
		8FE9C4F61ED3DF11003DA221 /* Zample12Controller.m in Sources */ = {isa = PBXBuildFile; fileRef = 8FE9C4F51ED3DF11003DA221 /* Zample12Controller.m */; };
		8FE9C4F91ED3DF3F003DA221 /* BaseVC.m in Sources */ = {isa = PBXBuildFile; fileRef = 8FE9C4F81ED3DF3F003DA221 /* BaseVC.m */; };
		8FE9C4FC1ED3FF82003DA221 /* LayerLabel.m in Sources */ = {isa = PBXBuildFile; fileRef = 8FE9C4FB1ED3FF82003DA221 /* LayerLabel.m */; };
		8FE9C4FF1ED4018E003DA221 /* Zample13Controller.m in Sources */ = {isa = PBXBuildFile; fileRef = 8FE9C4FE1ED4018E003DA221 /* Zample13Controller.m */; };
		8FE9C5021ED4045F003DA221 /* Zample14Controller.m in Sources */ = {isa = PBXBuildFile; fileRef = 8FE9C5011ED4045F003DA221 /* Zample14Controller.m */; };
		8FE9C5051ED405FB003DA221 /* Zample15Controller.m in Sources */ = {isa = PBXBuildFile; fileRef = 8FE9C5041ED405FB003DA221 /* Zample15Controller.m */; };
		8FE9C5081ED407A2003DA221 /* ReflectionView.m in Sources */ = {isa = PBXBuildFile; fileRef = 8FE9C5071ED407A2003DA221 /* ReflectionView.m */; };
		8FE9C50B1ED40960003DA221 /* Zample16Controller.m in Sources */ = {isa = PBXBuildFile; fileRef = 8FE9C50A1ED40960003DA221 /* Zample16Controller.m */; };
		8FE9C50E1ED40DB5003DA221 /* ScrollView.m in Sources */ = {isa = PBXBuildFile; fileRef = 8FE9C50D1ED40DB5003DA221 /* ScrollView.m */; };
		8FE9C5111ED4189E003DA221 /* Zample17Controller.m in Sources */ = {isa = PBXBuildFile; fileRef = 8FE9C5101ED4189E003DA221 /* Zample17Controller.m */; };
		8FE9C5141ED41E5D003DA221 /* Zample18Controller.m in Sources */ = {isa = PBXBuildFile; fileRef = 8FE9C5131ED41E5D003DA221 /* Zample18Controller.m */; };
		8FE9C5171ED4229A003DA221 /* LayerViewController.m in Sources */ = {isa = PBXBuildFile; fileRef = 8FE9C5161ED4229A003DA221 /* LayerViewController.m */; };
		8FE9C51D1ED422CF003DA221 /* AnimationViewController.m in Sources */ = {isa = PBXBuildFile; fileRef = 8FE9C51C1ED422CF003DA221 /* AnimationViewController.m */; };
		8FE9C5231ED42A50003DA221 /* Zample19Controller.m in Sources */ = {isa = PBXBuildFile; fileRef = 8FE9C5221ED42A50003DA221 /* Zample19Controller.m */; };
		8FE9C5251ED42B14003DA221 /* test.mov in Resources */ = {isa = PBXBuildFile; fileRef = 8FE9C5241ED42B14003DA221 /* test.mov */; };
		8FE9C52A1ED42CC9003DA221 /* Zample20Controller.m in Sources */ = {isa = PBXBuildFile; fileRef = 8FE9C5291ED42CC9003DA221 /* Zample20Controller.m */; };
/* End PBXBuildFile section */

/* Begin PBXContainerItemProxy section */
		8FD33A4A1ECC2E6000BC488B /* PBXContainerItemProxy */ = {
			isa = PBXContainerItemProxy;
			containerPortal = 8FD33A281ECC2E6000BC488B /* Project object */;
			proxyType = 1;
			remoteGlobalIDString = 8FD33A2F1ECC2E6000BC488B;
			remoteInfo = AnimationLab;
		};
		8FD33A551ECC2E6000BC488B /* PBXContainerItemProxy */ = {
			isa = PBXContainerItemProxy;
			containerPortal = 8FD33A281ECC2E6000BC488B /* Project object */;
			proxyType = 1;
			remoteGlobalIDString = 8FD33A2F1ECC2E6000BC488B;
			remoteInfo = AnimationLab;
		};
/* End PBXContainerItemProxy section */

/* Begin PBXFileReference section */
		016618C0217F7D5669FF05E4 /* libPods-AnimationLabUITests.a */ = {isa = PBXFileReference; explicitFileType = archive.ar; includeInIndex = 0; path = "libPods-AnimationLabUITests.a"; sourceTree = BUILT_PRODUCTS_DIR; };
		2239B63C1EFDBED1E5150812 /* libPods-AnimationLab.a */ = {isa = PBXFileReference; explicitFileType = archive.ar; includeInIndex = 0; path = "libPods-AnimationLab.a"; sourceTree = BUILT_PRODUCTS_DIR; };
		71E8708252280FA4EA6C86B4 /* Pods-AnimationLab.debug.xcconfig */ = {isa = PBXFileReference; includeInIndex = 1; lastKnownFileType = text.xcconfig; name = "Pods-AnimationLab.debug.xcconfig"; path = "Pods/Target Support Files/Pods-AnimationLab/Pods-AnimationLab.debug.xcconfig"; sourceTree = "<group>"; };
		8F25F9211EE68F960052A21D /* Zample21Controller.h */ = {isa = PBXFileReference; fileEncoding = 4; lastKnownFileType = sourcecode.c.h; path = Zample21Controller.h; sourceTree = "<group>"; };
		8F25F9221EE68F960052A21D /* Zample21Controller.m */ = {isa = PBXFileReference; fileEncoding = 4; lastKnownFileType = sourcecode.c.objc; path = Zample21Controller.m; sourceTree = "<group>"; };
		8F25F9241EE68FD20052A21D /* DrawView.h */ = {isa = PBXFileReference; fileEncoding = 4; lastKnownFileType = sourcecode.c.h; path = DrawView.h; sourceTree = "<group>"; };
		8F25F9251EE68FD20052A21D /* DrawView.m */ = {isa = PBXFileReference; fileEncoding = 4; lastKnownFileType = sourcecode.c.objc; path = DrawView.m; sourceTree = "<group>"; };
		8F25F9271EE6924C0052A21D /* DrawShapelayerView.h */ = {isa = PBXFileReference; fileEncoding = 4; lastKnownFileType = sourcecode.c.h; path = DrawShapelayerView.h; sourceTree = "<group>"; };
		8F25F9281EE6924C0052A21D /* DrawShapelayerView.m */ = {isa = PBXFileReference; fileEncoding = 4; lastKnownFileType = sourcecode.c.objc; path = DrawShapelayerView.m; sourceTree = "<group>"; };
		8F37C0151EFB644600EE713F /* ZA6ViewController.h */ = {isa = PBXFileReference; fileEncoding = 4; lastKnownFileType = sourcecode.c.h; path = ZA6ViewController.h; sourceTree = "<group>"; };
		8F37C0161EFB644600EE713F /* ZA6ViewController.m */ = {isa = PBXFileReference; fileEncoding = 4; lastKnownFileType = sourcecode.c.objc; path = ZA6ViewController.m; sourceTree = "<group>"; };
		8F37C0191EFB678500EE713F /* ZA7ViewController.h */ = {isa = PBXFileReference; fileEncoding = 4; lastKnownFileType = sourcecode.c.h; path = ZA7ViewController.h; sourceTree = "<group>"; };
		8F37C01A1EFB678500EE713F /* ZA7ViewController.m */ = {isa = PBXFileReference; fileEncoding = 4; lastKnownFileType = sourcecode.c.objc; path = ZA7ViewController.m; sourceTree = "<group>"; };
		8F37C01C1EFB67B100EE713F /* StartMoveView.h */ = {isa = PBXFileReference; fileEncoding = 4; lastKnownFileType = sourcecode.c.h; path = StartMoveView.h; sourceTree = "<group>"; };
		8F37C01D1EFB67B100EE713F /* StartMoveView.m */ = {isa = PBXFileReference; fileEncoding = 4; lastKnownFileType = sourcecode.c.objc; path = StartMoveView.m; sourceTree = "<group>"; };
		8F37C01E1EFB67B100EE713F /* Guide1.h */ = {isa = PBXFileReference; fileEncoding = 4; lastKnownFileType = sourcecode.c.h; path = Guide1.h; sourceTree = "<group>"; };
		8F37C01F1EFB67B100EE713F /* Guide1.m */ = {isa = PBXFileReference; fileEncoding = 4; lastKnownFileType = sourcecode.c.objc; path = Guide1.m; sourceTree = "<group>"; };
		8F37C0201EFB67B100EE713F /* Guide1View.xib */ = {isa = PBXFileReference; fileEncoding = 4; lastKnownFileType = file.xib; path = Guide1View.xib; sourceTree = "<group>"; };
		8F37C0211EFB67B100EE713F /* Guide2.h */ = {isa = PBXFileReference; fileEncoding = 4; lastKnownFileType = sourcecode.c.h; path = Guide2.h; sourceTree = "<group>"; };
		8F37C0221EFB67B100EE713F /* Guide2.m */ = {isa = PBXFileReference; fileEncoding = 4; lastKnownFileType = sourcecode.c.objc; path = Guide2.m; sourceTree = "<group>"; };
		8F37C0231EFB67B100EE713F /* Guide2View.xib */ = {isa = PBXFileReference; fileEncoding = 4; lastKnownFileType = file.xib; path = Guide2View.xib; sourceTree = "<group>"; };
		8F37C0241EFB67B100EE713F /* Guide3.h */ = {isa = PBXFileReference; fileEncoding = 4; lastKnownFileType = sourcecode.c.h; path = Guide3.h; sourceTree = "<group>"; };
		8F37C0251EFB67B100EE713F /* Guide3.m */ = {isa = PBXFileReference; fileEncoding = 4; lastKnownFileType = sourcecode.c.objc; path = Guide3.m; sourceTree = "<group>"; };
		8F37C0261EFB67B100EE713F /* Guide3View.xib */ = {isa = PBXFileReference; fileEncoding = 4; lastKnownFileType = file.xib; path = Guide3View.xib; sourceTree = "<group>"; };
		8F37C0271EFB67B100EE713F /* Guide4.h */ = {isa = PBXFileReference; fileEncoding = 4; lastKnownFileType = sourcecode.c.h; path = Guide4.h; sourceTree = "<group>"; };
		8F37C0281EFB67B100EE713F /* Guide4.m */ = {isa = PBXFileReference; fileEncoding = 4; lastKnownFileType = sourcecode.c.objc; path = Guide4.m; sourceTree = "<group>"; };
		8F37C0291EFB67B100EE713F /* Guide4View.xib */ = {isa = PBXFileReference; fileEncoding = 4; lastKnownFileType = file.xib; path = Guide4View.xib; sourceTree = "<group>"; };
		8F37C0341EFCDC8300EE713F /* ZA8ViewController.h */ = {isa = PBXFileReference; fileEncoding = 4; lastKnownFileType = sourcecode.c.h; path = ZA8ViewController.h; sourceTree = "<group>"; };
		8F37C0351EFCDC8300EE713F /* ZA8ViewController.m */ = {isa = PBXFileReference; fileEncoding = 4; lastKnownFileType = sourcecode.c.objc; path = ZA8ViewController.m; sourceTree = "<group>"; };
		8F5C09AA1ECD23240061CDEF /* Zample2Controller.h */ = {isa = PBXFileReference; fileEncoding = 4; lastKnownFileType = sourcecode.c.h; path = Zample2Controller.h; sourceTree = "<group>"; };
		8F5C09AB1ECD23240061CDEF /* Zample2Controller.m */ = {isa = PBXFileReference; fileEncoding = 4; lastKnownFileType = sourcecode.c.objc; path = Zample2Controller.m; sourceTree = "<group>"; };
		8F5C09AD1ECD26A60061CDEF /* Zample3Controller.h */ = {isa = PBXFileReference; fileEncoding = 4; lastKnownFileType = sourcecode.c.h; path = Zample3Controller.h; sourceTree = "<group>"; };
		8F5C09AE1ECD26A60061CDEF /* Zample3Controller.m */ = {isa = PBXFileReference; fileEncoding = 4; lastKnownFileType = sourcecode.c.objc; path = Zample3Controller.m; sourceTree = "<group>"; };
		8F5C09B01ECD3FC80061CDEF /* Zample4Controller.h */ = {isa = PBXFileReference; fileEncoding = 4; lastKnownFileType = sourcecode.c.h; path = Zample4Controller.h; sourceTree = "<group>"; };
		8F5C09B11ECD3FC80061CDEF /* Zample4Controller.m */ = {isa = PBXFileReference; fileEncoding = 4; lastKnownFileType = sourcecode.c.objc; path = Zample4Controller.m; sourceTree = "<group>"; };
		8F5C09B31ECD45280061CDEF /* Zample5Controller.h */ = {isa = PBXFileReference; fileEncoding = 4; lastKnownFileType = sourcecode.c.h; path = Zample5Controller.h; sourceTree = "<group>"; };
		8F5C09B41ECD45280061CDEF /* Zample5Controller.m */ = {isa = PBXFileReference; fileEncoding = 4; lastKnownFileType = sourcecode.c.objc; path = Zample5Controller.m; sourceTree = "<group>"; };
		8F5C09B61ECE88F30061CDEF /* Zample6Controller.h */ = {isa = PBXFileReference; fileEncoding = 4; lastKnownFileType = sourcecode.c.h; path = Zample6Controller.h; sourceTree = "<group>"; };
		8F5C09B71ECE88F30061CDEF /* Zample6Controller.m */ = {isa = PBXFileReference; fileEncoding = 4; lastKnownFileType = sourcecode.c.objc; path = Zample6Controller.m; sourceTree = "<group>"; };
		8F5C09B91ECEDAF00061CDEF /* Zample7Controller.h */ = {isa = PBXFileReference; fileEncoding = 4; lastKnownFileType = sourcecode.c.h; path = Zample7Controller.h; sourceTree = "<group>"; };
		8F5C09BA1ECEDAF00061CDEF /* Zample7Controller.m */ = {isa = PBXFileReference; fileEncoding = 4; lastKnownFileType = sourcecode.c.objc; path = Zample7Controller.m; sourceTree = "<group>"; };
		8F5C09BC1ECEE0140061CDEF /* Zample8Controller.h */ = {isa = PBXFileReference; fileEncoding = 4; lastKnownFileType = sourcecode.c.h; path = Zample8Controller.h; sourceTree = "<group>"; };
		8F5C09BD1ECEE0140061CDEF /* Zample8Controller.m */ = {isa = PBXFileReference; fileEncoding = 4; lastKnownFileType = sourcecode.c.objc; path = Zample8Controller.m; sourceTree = "<group>"; };
		8F5C09BF1ECEE3000061CDEF /* Zample9Controller.h */ = {isa = PBXFileReference; fileEncoding = 4; lastKnownFileType = sourcecode.c.h; path = Zample9Controller.h; sourceTree = "<group>"; };
		8F5C09C01ECEE3000061CDEF /* Zample9Controller.m */ = {isa = PBXFileReference; fileEncoding = 4; lastKnownFileType = sourcecode.c.objc; path = Zample9Controller.m; sourceTree = "<group>"; };
		8F5C09C71ED26CCA0061CDEF /* Zample10Controller.h */ = {isa = PBXFileReference; fileEncoding = 4; lastKnownFileType = sourcecode.c.h; path = Zample10Controller.h; sourceTree = "<group>"; };
		8F5C09C81ED26CCA0061CDEF /* Zample10Controller.m */ = {isa = PBXFileReference; fileEncoding = 4; lastKnownFileType = sourcecode.c.objc; path = Zample10Controller.m; sourceTree = "<group>"; };
		8F5C09C91ED26CCA0061CDEF /* Zample10Controller.xib */ = {isa = PBXFileReference; fileEncoding = 4; lastKnownFileType = file.xib; path = Zample10Controller.xib; sourceTree = "<group>"; };
		8FBE48391EF10E2A005F0E74 /* ZA1CollectionViewCell.h */ = {isa = PBXFileReference; fileEncoding = 4; lastKnownFileType = sourcecode.c.h; path = ZA1CollectionViewCell.h; sourceTree = "<group>"; };
		8FBE483A1EF10E2A005F0E74 /* ZA1CollectionViewCell.m */ = {isa = PBXFileReference; fileEncoding = 4; lastKnownFileType = sourcecode.c.objc; path = ZA1CollectionViewCell.m; sourceTree = "<group>"; };
		8FBE483B1EF10E2A005F0E74 /* ZA1CollectionViewCell.xib */ = {isa = PBXFileReference; fileEncoding = 4; lastKnownFileType = file.xib; path = ZA1CollectionViewCell.xib; sourceTree = "<group>"; };
		8FBE483C1EF10E2A005F0E74 /* ZA1PositiveTransition.h */ = {isa = PBXFileReference; fileEncoding = 4; lastKnownFileType = sourcecode.c.h; path = ZA1PositiveTransition.h; sourceTree = "<group>"; };
		8FBE483D1EF10E2A005F0E74 /* ZA1PositiveTransition.m */ = {isa = PBXFileReference; fileEncoding = 4; lastKnownFileType = sourcecode.c.objc; path = ZA1PositiveTransition.m; sourceTree = "<group>"; };
		8FBE483E1EF10E2A005F0E74 /* ZA1ReverseTransition.h */ = {isa = PBXFileReference; fileEncoding = 4; lastKnownFileType = sourcecode.c.h; path = ZA1ReverseTransition.h; sourceTree = "<group>"; };
		8FBE483F1EF10E2A005F0E74 /* ZA1ReverseTransition.m */ = {isa = PBXFileReference; fileEncoding = 4; lastKnownFileType = sourcecode.c.objc; path = ZA1ReverseTransition.m; sourceTree = "<group>"; };
		8FBE48401EF10E2A005F0E74 /* ZA1SecondController.h */ = {isa = PBXFileReference; fileEncoding = 4; lastKnownFileType = sourcecode.c.h; path = ZA1SecondController.h; sourceTree = "<group>"; };
		8FBE48411EF10E2A005F0E74 /* ZA1SecondController.m */ = {isa = PBXFileReference; fileEncoding = 4; lastKnownFileType = sourcecode.c.objc; path = ZA1SecondController.m; sourceTree = "<group>"; };
		8FBE48421EF10E2A005F0E74 /* ZA1ViewController.h */ = {isa = PBXFileReference; fileEncoding = 4; lastKnownFileType = sourcecode.c.h; path = ZA1ViewController.h; sourceTree = "<group>"; };
		8FBE48431EF10E2A005F0E74 /* ZA1ViewController.m */ = {isa = PBXFileReference; fileEncoding = 4; lastKnownFileType = sourcecode.c.objc; path = ZA1ViewController.m; sourceTree = "<group>"; };
		8FBE484B1EF110B5005F0E74 /* ZA2ViewController.h */ = {isa = PBXFileReference; fileEncoding = 4; lastKnownFileType = sourcecode.c.h; path = ZA2ViewController.h; sourceTree = "<group>"; };
		8FBE484C1EF110B5005F0E74 /* ZA2ViewController.m */ = {isa = PBXFileReference; fileEncoding = 4; lastKnownFileType = sourcecode.c.objc; path = ZA2ViewController.m; sourceTree = "<group>"; };
		8FBE484E1EF111EF005F0E74 /* ZA2SecViewController.h */ = {isa = PBXFileReference; fileEncoding = 4; lastKnownFileType = sourcecode.c.h; path = ZA2SecViewController.h; sourceTree = "<group>"; };
		8FBE484F1EF111EF005F0E74 /* ZA2SecViewController.m */ = {isa = PBXFileReference; fileEncoding = 4; lastKnownFileType = sourcecode.c.objc; path = ZA2SecViewController.m; sourceTree = "<group>"; };
		8FBE48511EF11813005F0E74 /* ZA2RotationPresentAnimation.h */ = {isa = PBXFileReference; fileEncoding = 4; lastKnownFileType = sourcecode.c.h; path = ZA2RotationPresentAnimation.h; sourceTree = "<group>"; };
		8FBE48521EF11813005F0E74 /* ZA2RotationPresentAnimation.m */ = {isa = PBXFileReference; fileEncoding = 4; lastKnownFileType = sourcecode.c.objc; path = ZA2RotationPresentAnimation.m; sourceTree = "<group>"; };
		8FBE48571EF11FAF005F0E74 /* ZA2RotationDismissAnimation.h */ = {isa = PBXFileReference; fileEncoding = 4; lastKnownFileType = sourcecode.c.h; path = ZA2RotationDismissAnimation.h; sourceTree = "<group>"; };
		8FBE48581EF11FAF005F0E74 /* ZA2RotationDismissAnimation.m */ = {isa = PBXFileReference; fileEncoding = 4; lastKnownFileType = sourcecode.c.objc; path = ZA2RotationDismissAnimation.m; sourceTree = "<group>"; };
		8FBE485B1EF12F05005F0E74 /* ZA3ViewController.h */ = {isa = PBXFileReference; fileEncoding = 4; lastKnownFileType = sourcecode.c.h; path = ZA3ViewController.h; sourceTree = "<group>"; };
		8FBE485C1EF12F05005F0E74 /* ZA3ViewController.m */ = {isa = PBXFileReference; fileEncoding = 4; lastKnownFileType = sourcecode.c.objc; path = ZA3ViewController.m; sourceTree = "<group>"; };
		8FBE485E1EF12F1F005F0E74 /* ZA3SecViewController.h */ = {isa = PBXFileReference; fileEncoding = 4; lastKnownFileType = sourcecode.c.h; path = ZA3SecViewController.h; sourceTree = "<group>"; };
		8FBE485F1EF12F1F005F0E74 /* ZA3SecViewController.m */ = {isa = PBXFileReference; fileEncoding = 4; lastKnownFileType = sourcecode.c.objc; path = ZA3SecViewController.m; sourceTree = "<group>"; };
		8FBE48681EF21349005F0E74 /* PingTransition.h */ = {isa = PBXFileReference; fileEncoding = 4; lastKnownFileType = sourcecode.c.h; path = PingTransition.h; sourceTree = "<group>"; };
		8FBE48691EF21349005F0E74 /* PingTransition.m */ = {isa = PBXFileReference; fileEncoding = 4; lastKnownFileType = sourcecode.c.objc; path = PingTransition.m; sourceTree = "<group>"; };
		8FBE48721EF22F51005F0E74 /* PingReverseTransition.h */ = {isa = PBXFileReference; fileEncoding = 4; lastKnownFileType = sourcecode.c.h; path = PingReverseTransition.h; sourceTree = "<group>"; };
		8FBE48731EF22F51005F0E74 /* PingReverseTransition.m */ = {isa = PBXFileReference; fileEncoding = 4; lastKnownFileType = sourcecode.c.objc; path = PingReverseTransition.m; sourceTree = "<group>"; };
		8FBE48761EF26115005F0E74 /* ZA4ViewController.h */ = {isa = PBXFileReference; fileEncoding = 4; lastKnownFileType = sourcecode.c.h; path = ZA4ViewController.h; sourceTree = "<group>"; };
		8FBE48771EF26115005F0E74 /* ZA4ViewController.m */ = {isa = PBXFileReference; fileEncoding = 4; lastKnownFileType = sourcecode.c.objc; path = ZA4ViewController.m; sourceTree = "<group>"; };
		8FBE48B51EF36083005F0E74 /* ZA4SecViewController.h */ = {isa = PBXFileReference; fileEncoding = 4; lastKnownFileType = sourcecode.c.h; path = ZA4SecViewController.h; sourceTree = "<group>"; };
		8FBE48B61EF36083005F0E74 /* ZA4SecViewController.m */ = {isa = PBXFileReference; fileEncoding = 4; lastKnownFileType = sourcecode.c.objc; path = ZA4SecViewController.m; sourceTree = "<group>"; };
		8FBE48B81EF360CE005F0E74 /* PushTransition.h */ = {isa = PBXFileReference; fileEncoding = 4; lastKnownFileType = sourcecode.c.h; path = PushTransition.h; sourceTree = "<group>"; };
		8FBE48B91EF360CE005F0E74 /* PushTransition.m */ = {isa = PBXFileReference; fileEncoding = 4; lastKnownFileType = sourcecode.c.objc; path = PushTransition.m; sourceTree = "<group>"; };
		8FBE48BB1EF365FB005F0E74 /* PushReverseTransition.h */ = {isa = PBXFileReference; fileEncoding = 4; lastKnownFileType = sourcecode.c.h; path = PushReverseTransition.h; sourceTree = "<group>"; };
		8FBE48BC1EF365FB005F0E74 /* PushReverseTransition.m */ = {isa = PBXFileReference; fileEncoding = 4; lastKnownFileType = sourcecode.c.objc; path = PushReverseTransition.m; sourceTree = "<group>"; };
		8FBE48BE1EF3B317005F0E74 /* KYPopInteractiveTransition.h */ = {isa = PBXFileReference; fileEncoding = 4; lastKnownFileType = sourcecode.c.h; path = KYPopInteractiveTransition.h; sourceTree = "<group>"; };
		8FBE48BF1EF3B317005F0E74 /* KYPopInteractiveTransition.m */ = {isa = PBXFileReference; fileEncoding = 4; lastKnownFileType = sourcecode.c.objc; path = KYPopInteractiveTransition.m; sourceTree = "<group>"; };
		8FBE48C21EF64879005F0E74 /* ZA5ViewController.h */ = {isa = PBXFileReference; fileEncoding = 4; lastKnownFileType = sourcecode.c.h; path = ZA5ViewController.h; sourceTree = "<group>"; };
		8FBE48C31EF64879005F0E74 /* ZA5ViewController.m */ = {isa = PBXFileReference; fileEncoding = 4; lastKnownFileType = sourcecode.c.objc; path = ZA5ViewController.m; sourceTree = "<group>"; };
		8FBE48C51EF64A9B005F0E74 /* ZA5SecController.h */ = {isa = PBXFileReference; fileEncoding = 4; lastKnownFileType = sourcecode.c.h; path = ZA5SecController.h; sourceTree = "<group>"; };
		8FBE48C61EF64A9B005F0E74 /* ZA5SecController.m */ = {isa = PBXFileReference; fileEncoding = 4; lastKnownFileType = sourcecode.c.objc; path = ZA5SecController.m; sourceTree = "<group>"; };
		8FBE48CE1EF6583D005F0E74 /* Z5PresentationController.h */ = {isa = PBXFileReference; fileEncoding = 4; lastKnownFileType = sourcecode.c.h; path = Z5PresentationController.h; sourceTree = "<group>"; };
		8FBE48CF1EF6583D005F0E74 /* Z5PresentationController.m */ = {isa = PBXFileReference; fileEncoding = 4; lastKnownFileType = sourcecode.c.objc; path = Z5PresentationController.m; sourceTree = "<group>"; };
		8FBE48D11EF6584F005F0E74 /* Z5Transition.h */ = {isa = PBXFileReference; fileEncoding = 4; lastKnownFileType = sourcecode.c.h; path = Z5Transition.h; sourceTree = "<group>"; };
		8FBE48D21EF6584F005F0E74 /* Z5Transition.m */ = {isa = PBXFileReference; fileEncoding = 4; lastKnownFileType = sourcecode.c.objc; path = Z5Transition.m; sourceTree = "<group>"; };
		8FD33A301ECC2E6000BC488B /* AnimationLab.app */ = {isa = PBXFileReference; explicitFileType = wrapper.application; includeInIndex = 0; path = AnimationLab.app; sourceTree = BUILT_PRODUCTS_DIR; };
		8FD33A341ECC2E6000BC488B /* main.m */ = {isa = PBXFileReference; lastKnownFileType = sourcecode.c.objc; path = main.m; sourceTree = "<group>"; };
		8FD33A361ECC2E6000BC488B /* AppDelegate.h */ = {isa = PBXFileReference; lastKnownFileType = sourcecode.c.h; path = AppDelegate.h; sourceTree = "<group>"; };
		8FD33A371ECC2E6000BC488B /* AppDelegate.m */ = {isa = PBXFileReference; lastKnownFileType = sourcecode.c.objc; path = AppDelegate.m; sourceTree = "<group>"; };
		8FD33A391ECC2E6000BC488B /* ViewController.h */ = {isa = PBXFileReference; lastKnownFileType = sourcecode.c.h; path = ViewController.h; sourceTree = "<group>"; };
		8FD33A3A1ECC2E6000BC488B /* ViewController.m */ = {isa = PBXFileReference; lastKnownFileType = sourcecode.c.objc; path = ViewController.m; sourceTree = "<group>"; };
		8FD33A3D1ECC2E6000BC488B /* Base */ = {isa = PBXFileReference; lastKnownFileType = file.storyboard; name = Base; path = Base.lproj/Main.storyboard; sourceTree = "<group>"; };
		8FD33A3F1ECC2E6000BC488B /* Assets.xcassets */ = {isa = PBXFileReference; lastKnownFileType = folder.assetcatalog; path = Assets.xcassets; sourceTree = "<group>"; };
		8FD33A421ECC2E6000BC488B /* Base */ = {isa = PBXFileReference; lastKnownFileType = file.storyboard; name = Base; path = Base.lproj/LaunchScreen.storyboard; sourceTree = "<group>"; };
		8FD33A441ECC2E6000BC488B /* Info.plist */ = {isa = PBXFileReference; lastKnownFileType = text.plist.xml; path = Info.plist; sourceTree = "<group>"; };
		8FD33A491ECC2E6000BC488B /* AnimationLabTests.xctest */ = {isa = PBXFileReference; explicitFileType = wrapper.cfbundle; includeInIndex = 0; path = AnimationLabTests.xctest; sourceTree = BUILT_PRODUCTS_DIR; };
		8FD33A4D1ECC2E6000BC488B /* AnimationLabTests.m */ = {isa = PBXFileReference; lastKnownFileType = sourcecode.c.objc; path = AnimationLabTests.m; sourceTree = "<group>"; };
		8FD33A4F1ECC2E6000BC488B /* Info.plist */ = {isa = PBXFileReference; lastKnownFileType = text.plist.xml; path = Info.plist; sourceTree = "<group>"; };
		8FD33A541ECC2E6000BC488B /* AnimationLabUITests.xctest */ = {isa = PBXFileReference; explicitFileType = wrapper.cfbundle; includeInIndex = 0; path = AnimationLabUITests.xctest; sourceTree = BUILT_PRODUCTS_DIR; };
		8FD33A581ECC2E6000BC488B /* AnimationLabUITests.m */ = {isa = PBXFileReference; lastKnownFileType = sourcecode.c.objc; path = AnimationLabUITests.m; sourceTree = "<group>"; };
		8FD33A5A1ECC2E6000BC488B /* Info.plist */ = {isa = PBXFileReference; lastKnownFileType = text.plist.xml; path = Info.plist; sourceTree = "<group>"; };
		8FD33A661ECC2F0700BC488B /* HomeCell.h */ = {isa = PBXFileReference; fileEncoding = 4; lastKnownFileType = sourcecode.c.h; path = HomeCell.h; sourceTree = "<group>"; };
		8FD33A671ECC2F0700BC488B /* HomeCell.m */ = {isa = PBXFileReference; fileEncoding = 4; lastKnownFileType = sourcecode.c.objc; path = HomeCell.m; sourceTree = "<group>"; };
		8FD33A6A1ECC30D300BC488B /* Zample1Controller.h */ = {isa = PBXFileReference; fileEncoding = 4; lastKnownFileType = sourcecode.c.h; path = Zample1Controller.h; sourceTree = "<group>"; };
		8FD33A6B1ECC30D300BC488B /* Zample1Controller.m */ = {isa = PBXFileReference; fileEncoding = 4; lastKnownFileType = sourcecode.c.objc; path = Zample1Controller.m; sourceTree = "<group>"; };
		8FE9C4F01ED3DBEB003DA221 /* Zample11Controller.h */ = {isa = PBXFileReference; fileEncoding = 4; lastKnownFileType = sourcecode.c.h; path = Zample11Controller.h; sourceTree = "<group>"; };
		8FE9C4F11ED3DBEB003DA221 /* Zample11Controller.m */ = {isa = PBXFileReference; fileEncoding = 4; lastKnownFileType = sourcecode.c.objc; path = Zample11Controller.m; sourceTree = "<group>"; };
		8FE9C4F41ED3DF11003DA221 /* Zample12Controller.h */ = {isa = PBXFileReference; fileEncoding = 4; lastKnownFileType = sourcecode.c.h; path = Zample12Controller.h; sourceTree = "<group>"; };
		8FE9C4F51ED3DF11003DA221 /* Zample12Controller.m */ = {isa = PBXFileReference; fileEncoding = 4; lastKnownFileType = sourcecode.c.objc; path = Zample12Controller.m; sourceTree = "<group>"; };
		8FE9C4F71ED3DF3F003DA221 /* BaseVC.h */ = {isa = PBXFileReference; fileEncoding = 4; lastKnownFileType = sourcecode.c.h; path = BaseVC.h; sourceTree = "<group>"; };
		8FE9C4F81ED3DF3F003DA221 /* BaseVC.m */ = {isa = PBXFileReference; fileEncoding = 4; lastKnownFileType = sourcecode.c.objc; path = BaseVC.m; sourceTree = "<group>"; };
		8FE9C4FA1ED3FF82003DA221 /* LayerLabel.h */ = {isa = PBXFileReference; fileEncoding = 4; lastKnownFileType = sourcecode.c.h; name = LayerLabel.h; path = ../LayerLabel.h; sourceTree = "<group>"; };
		8FE9C4FB1ED3FF82003DA221 /* LayerLabel.m */ = {isa = PBXFileReference; fileEncoding = 4; lastKnownFileType = sourcecode.c.objc; name = LayerLabel.m; path = ../LayerLabel.m; sourceTree = "<group>"; };
		8FE9C4FD1ED4018E003DA221 /* Zample13Controller.h */ = {isa = PBXFileReference; fileEncoding = 4; lastKnownFileType = sourcecode.c.h; path = Zample13Controller.h; sourceTree = "<group>"; };
		8FE9C4FE1ED4018E003DA221 /* Zample13Controller.m */ = {isa = PBXFileReference; fileEncoding = 4; lastKnownFileType = sourcecode.c.objc; path = Zample13Controller.m; sourceTree = "<group>"; };
		8FE9C5001ED4045F003DA221 /* Zample14Controller.h */ = {isa = PBXFileReference; fileEncoding = 4; lastKnownFileType = sourcecode.c.h; path = Zample14Controller.h; sourceTree = "<group>"; };
		8FE9C5011ED4045F003DA221 /* Zample14Controller.m */ = {isa = PBXFileReference; fileEncoding = 4; lastKnownFileType = sourcecode.c.objc; path = Zample14Controller.m; sourceTree = "<group>"; };
		8FE9C5031ED405FB003DA221 /* Zample15Controller.h */ = {isa = PBXFileReference; fileEncoding = 4; lastKnownFileType = sourcecode.c.h; path = Zample15Controller.h; sourceTree = "<group>"; };
		8FE9C5041ED405FB003DA221 /* Zample15Controller.m */ = {isa = PBXFileReference; fileEncoding = 4; lastKnownFileType = sourcecode.c.objc; path = Zample15Controller.m; sourceTree = "<group>"; };
		8FE9C5061ED407A2003DA221 /* ReflectionView.h */ = {isa = PBXFileReference; fileEncoding = 4; lastKnownFileType = sourcecode.c.h; path = ReflectionView.h; sourceTree = "<group>"; };
		8FE9C5071ED407A2003DA221 /* ReflectionView.m */ = {isa = PBXFileReference; fileEncoding = 4; lastKnownFileType = sourcecode.c.objc; path = ReflectionView.m; sourceTree = "<group>"; };
		8FE9C5091ED40960003DA221 /* Zample16Controller.h */ = {isa = PBXFileReference; fileEncoding = 4; lastKnownFileType = sourcecode.c.h; path = Zample16Controller.h; sourceTree = "<group>"; };
		8FE9C50A1ED40960003DA221 /* Zample16Controller.m */ = {isa = PBXFileReference; fileEncoding = 4; lastKnownFileType = sourcecode.c.objc; path = Zample16Controller.m; sourceTree = "<group>"; };
		8FE9C50C1ED40DB5003DA221 /* ScrollView.h */ = {isa = PBXFileReference; fileEncoding = 4; lastKnownFileType = sourcecode.c.h; name = ScrollView.h; path = ../ScrollView.h; sourceTree = "<group>"; };
		8FE9C50D1ED40DB5003DA221 /* ScrollView.m */ = {isa = PBXFileReference; fileEncoding = 4; lastKnownFileType = sourcecode.c.objc; name = ScrollView.m; path = ../ScrollView.m; sourceTree = "<group>"; };
		8FE9C50F1ED4189E003DA221 /* Zample17Controller.h */ = {isa = PBXFileReference; fileEncoding = 4; lastKnownFileType = sourcecode.c.h; path = Zample17Controller.h; sourceTree = "<group>"; };
		8FE9C5101ED4189E003DA221 /* Zample17Controller.m */ = {isa = PBXFileReference; fileEncoding = 4; lastKnownFileType = sourcecode.c.objc; path = Zample17Controller.m; sourceTree = "<group>"; };
		8FE9C5121ED41E5D003DA221 /* Zample18Controller.h */ = {isa = PBXFileReference; fileEncoding = 4; lastKnownFileType = sourcecode.c.h; path = Zample18Controller.h; sourceTree = "<group>"; };
		8FE9C5131ED41E5D003DA221 /* Zample18Controller.m */ = {isa = PBXFileReference; fileEncoding = 4; lastKnownFileType = sourcecode.c.objc; path = Zample18Controller.m; sourceTree = "<group>"; };
		8FE9C5151ED4229A003DA221 /* LayerViewController.h */ = {isa = PBXFileReference; fileEncoding = 4; lastKnownFileType = sourcecode.c.h; path = LayerViewController.h; sourceTree = "<group>"; };
		8FE9C5161ED4229A003DA221 /* LayerViewController.m */ = {isa = PBXFileReference; fileEncoding = 4; lastKnownFileType = sourcecode.c.objc; path = LayerViewController.m; sourceTree = "<group>"; };
		8FE9C51B1ED422CF003DA221 /* AnimationViewController.h */ = {isa = PBXFileReference; fileEncoding = 4; lastKnownFileType = sourcecode.c.h; path = AnimationViewController.h; sourceTree = "<group>"; };
		8FE9C51C1ED422CF003DA221 /* AnimationViewController.m */ = {isa = PBXFileReference; fileEncoding = 4; lastKnownFileType = sourcecode.c.objc; path = AnimationViewController.m; sourceTree = "<group>"; };
		8FE9C5211ED42A50003DA221 /* Zample19Controller.h */ = {isa = PBXFileReference; fileEncoding = 4; lastKnownFileType = sourcecode.c.h; path = Zample19Controller.h; sourceTree = "<group>"; };
		8FE9C5221ED42A50003DA221 /* Zample19Controller.m */ = {isa = PBXFileReference; fileEncoding = 4; lastKnownFileType = sourcecode.c.objc; path = Zample19Controller.m; sourceTree = "<group>"; };
		8FE9C5241ED42B14003DA221 /* test.mov */ = {isa = PBXFileReference; lastKnownFileType = video.quicktime; path = test.mov; sourceTree = "<group>"; };
		8FE9C5281ED42CC9003DA221 /* Zample20Controller.h */ = {isa = PBXFileReference; fileEncoding = 4; lastKnownFileType = sourcecode.c.h; path = Zample20Controller.h; sourceTree = "<group>"; };
		8FE9C5291ED42CC9003DA221 /* Zample20Controller.m */ = {isa = PBXFileReference; fileEncoding = 4; lastKnownFileType = sourcecode.c.objc; path = Zample20Controller.m; sourceTree = "<group>"; };
		BDF894231407FC7A206DAB9A /* Pods-AnimationLabUITests.debug.xcconfig */ = {isa = PBXFileReference; includeInIndex = 1; lastKnownFileType = text.xcconfig; name = "Pods-AnimationLabUITests.debug.xcconfig"; path = "Pods/Target Support Files/Pods-AnimationLabUITests/Pods-AnimationLabUITests.debug.xcconfig"; sourceTree = "<group>"; };
		D9746C8188902B91538629D8 /* libPods-AnimationLabTests.a */ = {isa = PBXFileReference; explicitFileType = archive.ar; includeInIndex = 0; path = "libPods-AnimationLabTests.a"; sourceTree = BUILT_PRODUCTS_DIR; };
		E8E6606B2E1E8F4062C02A5B /* Pods-AnimationLabTests.release.xcconfig */ = {isa = PBXFileReference; includeInIndex = 1; lastKnownFileType = text.xcconfig; name = "Pods-AnimationLabTests.release.xcconfig"; path = "Pods/Target Support Files/Pods-AnimationLabTests/Pods-AnimationLabTests.release.xcconfig"; sourceTree = "<group>"; };
		EF602FAFB1A457591C4E16B0 /* Pods-AnimationLab.release.xcconfig */ = {isa = PBXFileReference; includeInIndex = 1; lastKnownFileType = text.xcconfig; name = "Pods-AnimationLab.release.xcconfig"; path = "Pods/Target Support Files/Pods-AnimationLab/Pods-AnimationLab.release.xcconfig"; sourceTree = "<group>"; };
		F60B62A4A3816C74FB22E691 /* Pods-AnimationLabTests.debug.xcconfig */ = {isa = PBXFileReference; includeInIndex = 1; lastKnownFileType = text.xcconfig; name = "Pods-AnimationLabTests.debug.xcconfig"; path = "Pods/Target Support Files/Pods-AnimationLabTests/Pods-AnimationLabTests.debug.xcconfig"; sourceTree = "<group>"; };
		FF687F742B85D1D162DC2E65 /* Pods-AnimationLabUITests.release.xcconfig */ = {isa = PBXFileReference; includeInIndex = 1; lastKnownFileType = text.xcconfig; name = "Pods-AnimationLabUITests.release.xcconfig"; path = "Pods/Target Support Files/Pods-AnimationLabUITests/Pods-AnimationLabUITests.release.xcconfig"; sourceTree = "<group>"; };
/* End PBXFileReference section */

/* Begin PBXFrameworksBuildPhase section */
		8FD33A2D1ECC2E6000BC488B /* Frameworks */ = {
			isa = PBXFrameworksBuildPhase;
			buildActionMask = 2147483647;
			files = (
				1C180EF687558E0F2E6C2202 /* libPods-AnimationLab.a in Frameworks */,
			);
			runOnlyForDeploymentPostprocessing = 0;
		};
		8FD33A461ECC2E6000BC488B /* Frameworks */ = {
			isa = PBXFrameworksBuildPhase;
			buildActionMask = 2147483647;
			files = (
				683DA968BB1E212A553A543D /* libPods-AnimationLabTests.a in Frameworks */,
			);
			runOnlyForDeploymentPostprocessing = 0;
		};
		8FD33A511ECC2E6000BC488B /* Frameworks */ = {
			isa = PBXFrameworksBuildPhase;
			buildActionMask = 2147483647;
			files = (
				4368DA5300296C22A7D5E8FF /* libPods-AnimationLabUITests.a in Frameworks */,
			);
			runOnlyForDeploymentPostprocessing = 0;
		};
/* End PBXFrameworksBuildPhase section */

/* Begin PBXGroup section */
		795051CB3EE22FF04D8751CE /* Pods */ = {
			isa = PBXGroup;
			children = (
				71E8708252280FA4EA6C86B4 /* Pods-AnimationLab.debug.xcconfig */,
				EF602FAFB1A457591C4E16B0 /* Pods-AnimationLab.release.xcconfig */,
				F60B62A4A3816C74FB22E691 /* Pods-AnimationLabTests.debug.xcconfig */,
				E8E6606B2E1E8F4062C02A5B /* Pods-AnimationLabTests.release.xcconfig */,
				BDF894231407FC7A206DAB9A /* Pods-AnimationLabUITests.debug.xcconfig */,
				FF687F742B85D1D162DC2E65 /* Pods-AnimationLabUITests.release.xcconfig */,
			);
			name = Pods;
			sourceTree = "<group>";
		};
		8F37C0141EFB643200EE713F /* za6_emitter */ = {
			isa = PBXGroup;
			children = (
				8F37C0151EFB644600EE713F /* ZA6ViewController.h */,
				8F37C0161EFB644600EE713F /* ZA6ViewController.m */,
			);
			path = za6_emitter;
			sourceTree = "<group>";
		};
		8F37C0181EFB677900EE713F /* za7_basic */ = {
			isa = PBXGroup;
			children = (
				8F37C0191EFB678500EE713F /* ZA7ViewController.h */,
				8F37C01A1EFB678500EE713F /* ZA7ViewController.m */,
				8F37C01C1EFB67B100EE713F /* StartMoveView.h */,
				8F37C01D1EFB67B100EE713F /* StartMoveView.m */,
				8F37C01E1EFB67B100EE713F /* Guide1.h */,
				8F37C01F1EFB67B100EE713F /* Guide1.m */,
				8F37C0201EFB67B100EE713F /* Guide1View.xib */,
				8F37C0211EFB67B100EE713F /* Guide2.h */,
				8F37C0221EFB67B100EE713F /* Guide2.m */,
				8F37C0231EFB67B100EE713F /* Guide2View.xib */,
				8F37C0241EFB67B100EE713F /* Guide3.h */,
				8F37C0251EFB67B100EE713F /* Guide3.m */,
				8F37C0261EFB67B100EE713F /* Guide3View.xib */,
				8F37C0271EFB67B100EE713F /* Guide4.h */,
				8F37C0281EFB67B100EE713F /* Guide4.m */,
				8F37C0291EFB67B100EE713F /* Guide4View.xib */,
			);
			path = za7_basic;
			sourceTree = "<group>";
		};
		8F37C0331EFCDC7400EE713F /* za8_jazzhands */ = {
			isa = PBXGroup;
			children = (
				8F37C0341EFCDC8300EE713F /* ZA8ViewController.h */,
				8F37C0351EFCDC8300EE713F /* ZA8ViewController.m */,
			);
			path = za8_jazzhands;
			sourceTree = "<group>";
		};
		8F3816D420FDE5E800EFF48C /* za9_jhDemo1 */ = {
			isa = PBXGroup;
			children = (
			);
			path = za9_jhDemo1;
			sourceTree = "<group>";
		};
		8FBE48381EF10E2A005F0E74 /* za1_transition_navigationDelegate */ = {
			isa = PBXGroup;
			children = (
				8FBE48391EF10E2A005F0E74 /* ZA1CollectionViewCell.h */,
				8FBE483A1EF10E2A005F0E74 /* ZA1CollectionViewCell.m */,
				8FBE483B1EF10E2A005F0E74 /* ZA1CollectionViewCell.xib */,
				8FBE483C1EF10E2A005F0E74 /* ZA1PositiveTransition.h */,
				8FBE483D1EF10E2A005F0E74 /* ZA1PositiveTransition.m */,
				8FBE483E1EF10E2A005F0E74 /* ZA1ReverseTransition.h */,
				8FBE483F1EF10E2A005F0E74 /* ZA1ReverseTransition.m */,
				8FBE48401EF10E2A005F0E74 /* ZA1SecondController.h */,
				8FBE48411EF10E2A005F0E74 /* ZA1SecondController.m */,
				8FBE48421EF10E2A005F0E74 /* ZA1ViewController.h */,
				8FBE48431EF10E2A005F0E74 /* ZA1ViewController.m */,
			);
			path = za1_transition_navigationDelegate;
			sourceTree = "<group>";
		};
		8FBE484A1EF1109A005F0E74 /* za2_transition_present */ = {
			isa = PBXGroup;
			children = (
				8FBE484B1EF110B5005F0E74 /* ZA2ViewController.h */,
				8FBE484C1EF110B5005F0E74 /* ZA2ViewController.m */,
				8FBE48511EF11813005F0E74 /* ZA2RotationPresentAnimation.h */,
				8FBE48521EF11813005F0E74 /* ZA2RotationPresentAnimation.m */,
				8FBE48571EF11FAF005F0E74 /* ZA2RotationDismissAnimation.h */,
				8FBE48581EF11FAF005F0E74 /* ZA2RotationDismissAnimation.m */,
				8FBE484E1EF111EF005F0E74 /* ZA2SecViewController.h */,
				8FBE484F1EF111EF005F0E74 /* ZA2SecViewController.m */,
			);
			path = za2_transition_present;
			sourceTree = "<group>";
		};
		8FBE485A1EF12EE3005F0E74 /* za3_transition_circle */ = {
			isa = PBXGroup;
			children = (
				8FBE485B1EF12F05005F0E74 /* ZA3ViewController.h */,
				8FBE485C1EF12F05005F0E74 /* ZA3ViewController.m */,
				8FBE48681EF21349005F0E74 /* PingTransition.h */,
				8FBE48691EF21349005F0E74 /* PingTransition.m */,
				8FBE48721EF22F51005F0E74 /* PingReverseTransition.h */,
				8FBE48731EF22F51005F0E74 /* PingReverseTransition.m */,
				8FBE485E1EF12F1F005F0E74 /* ZA3SecViewController.h */,
				8FBE485F1EF12F1F005F0E74 /* ZA3SecViewController.m */,
			);
			path = za3_transition_circle;
			sourceTree = "<group>";
		};
		8FBE48751EF26106005F0E74 /* za4_transition_m34 */ = {
			isa = PBXGroup;
			children = (
				8FBE48761EF26115005F0E74 /* ZA4ViewController.h */,
				8FBE48771EF26115005F0E74 /* ZA4ViewController.m */,
				8FBE48B81EF360CE005F0E74 /* PushTransition.h */,
				8FBE48B91EF360CE005F0E74 /* PushTransition.m */,
				8FBE48BB1EF365FB005F0E74 /* PushReverseTransition.h */,
				8FBE48BC1EF365FB005F0E74 /* PushReverseTransition.m */,
				8FBE48B51EF36083005F0E74 /* ZA4SecViewController.h */,
				8FBE48B61EF36083005F0E74 /* ZA4SecViewController.m */,
				8FBE48BE1EF3B317005F0E74 /* KYPopInteractiveTransition.h */,
				8FBE48BF1EF3B317005F0E74 /* KYPopInteractiveTransition.m */,
			);
			path = za4_transition_m34;
			sourceTree = "<group>";
		};
		8FBE48C11EF64869005F0E74 /* za5_ UIPresentationController */ = {
			isa = PBXGroup;
			children = (
				8FBE48C21EF64879005F0E74 /* ZA5ViewController.h */,
				8FBE48C31EF64879005F0E74 /* ZA5ViewController.m */,
				8FBE48C51EF64A9B005F0E74 /* ZA5SecController.h */,
				8FBE48C61EF64A9B005F0E74 /* ZA5SecController.m */,
				8FBE48CE1EF6583D005F0E74 /* Z5PresentationController.h */,
				8FBE48CF1EF6583D005F0E74 /* Z5PresentationController.m */,
				8FBE48D11EF6584F005F0E74 /* Z5Transition.h */,
				8FBE48D21EF6584F005F0E74 /* Z5Transition.m */,
			);
			path = "za5_ UIPresentationController";
			sourceTree = "<group>";
		};
		8FD33A271ECC2E6000BC488B = {
			isa = PBXGroup;
			children = (
				8FD33A321ECC2E6000BC488B /* AnimationLab */,
				8FD33A4C1ECC2E6000BC488B /* AnimationLabTests */,
				8FD33A571ECC2E6000BC488B /* AnimationLabUITests */,
				8FD33A311ECC2E6000BC488B /* Products */,
				795051CB3EE22FF04D8751CE /* Pods */,
				F7433A0C469446DE85EC8BDA /* Frameworks */,
			);
			sourceTree = "<group>";
		};
		8FD33A311ECC2E6000BC488B /* Products */ = {
			isa = PBXGroup;
			children = (
				8FD33A301ECC2E6000BC488B /* AnimationLab.app */,
				8FD33A491ECC2E6000BC488B /* AnimationLabTests.xctest */,
				8FD33A541ECC2E6000BC488B /* AnimationLabUITests.xctest */,
			);
			name = Products;
			sourceTree = "<group>";
		};
		8FD33A321ECC2E6000BC488B /* AnimationLab */ = {
			isa = PBXGroup;
			children = (
				8FE9C51F1ED425A2003DA221 /* outVC */,
				8FE9C51E1ED4258B003DA221 /* view */,
				8FD33A691ECC30C000BC488B /* ZampleLayer */,
				8FFC6D521EF0C41400F55173 /* ZampleAnimation */,
				8FE9C5241ED42B14003DA221 /* test.mov */,
				8FD33A361ECC2E6000BC488B /* AppDelegate.h */,
				8FD33A371ECC2E6000BC488B /* AppDelegate.m */,
				8FD33A3C1ECC2E6000BC488B /* Main.storyboard */,
				8FD33A3F1ECC2E6000BC488B /* Assets.xcassets */,
				8FD33A411ECC2E6000BC488B /* LaunchScreen.storyboard */,
				8FD33A441ECC2E6000BC488B /* Info.plist */,
				8FD33A331ECC2E6000BC488B /* Supporting Files */,
			);
			path = AnimationLab;
			sourceTree = "<group>";
		};
		8FD33A331ECC2E6000BC488B /* Supporting Files */ = {
			isa = PBXGroup;
			children = (
				8FD33A341ECC2E6000BC488B /* main.m */,
			);
			name = "Supporting Files";
			sourceTree = "<group>";
		};
		8FD33A4C1ECC2E6000BC488B /* AnimationLabTests */ = {
			isa = PBXGroup;
			children = (
				8FD33A4D1ECC2E6000BC488B /* AnimationLabTests.m */,
				8FD33A4F1ECC2E6000BC488B /* Info.plist */,
			);
			path = AnimationLabTests;
			sourceTree = "<group>";
		};
		8FD33A571ECC2E6000BC488B /* AnimationLabUITests */ = {
			isa = PBXGroup;
			children = (
				8FD33A581ECC2E6000BC488B /* AnimationLabUITests.m */,
				8FD33A5A1ECC2E6000BC488B /* Info.plist */,
			);
			path = AnimationLabUITests;
			sourceTree = "<group>";
		};
		8FD33A691ECC30C000BC488B /* ZampleLayer */ = {
			isa = PBXGroup;
			children = (
				8FE9C5201ED425B7003DA221 /* cusView */,
				8FE9C4F71ED3DF3F003DA221 /* BaseVC.h */,
				8FE9C4F81ED3DF3F003DA221 /* BaseVC.m */,
				8FE9C5261ED42C9B003DA221 /* layer */,
			);
			name = ZampleLayer;
			path = Zample;
			sourceTree = "<group>";
		};
		8FE9C51E1ED4258B003DA221 /* view */ = {
			isa = PBXGroup;
			children = (
				8FD33A661ECC2F0700BC488B /* HomeCell.h */,
				8FD33A671ECC2F0700BC488B /* HomeCell.m */,
				8F25F9241EE68FD20052A21D /* DrawView.h */,
				8F25F9251EE68FD20052A21D /* DrawView.m */,
				8F25F9271EE6924C0052A21D /* DrawShapelayerView.h */,
				8F25F9281EE6924C0052A21D /* DrawShapelayerView.m */,
			);
			name = view;
			sourceTree = "<group>";
		};
		8FE9C51F1ED425A2003DA221 /* outVC */ = {
			isa = PBXGroup;
			children = (
				8FD33A391ECC2E6000BC488B /* ViewController.h */,
				8FD33A3A1ECC2E6000BC488B /* ViewController.m */,
				8FE9C5151ED4229A003DA221 /* LayerViewController.h */,
				8FE9C5161ED4229A003DA221 /* LayerViewController.m */,
				8FE9C51B1ED422CF003DA221 /* AnimationViewController.h */,
				8FE9C51C1ED422CF003DA221 /* AnimationViewController.m */,
			);
			name = outVC;
			sourceTree = "<group>";
		};
		8FE9C5201ED425B7003DA221 /* cusView */ = {
			isa = PBXGroup;
			children = (
				8FE9C4FA1ED3FF82003DA221 /* LayerLabel.h */,
				8FE9C4FB1ED3FF82003DA221 /* LayerLabel.m */,
				8FE9C5061ED407A2003DA221 /* ReflectionView.h */,
				8FE9C5071ED407A2003DA221 /* ReflectionView.m */,
				8FE9C50C1ED40DB5003DA221 /* ScrollView.h */,
				8FE9C50D1ED40DB5003DA221 /* ScrollView.m */,
			);
			name = cusView;
			sourceTree = "<group>";
		};
		8FE9C5261ED42C9B003DA221 /* layer */ = {
			isa = PBXGroup;
			children = (
				8FD33A6A1ECC30D300BC488B /* Zample1Controller.h */,
				8FD33A6B1ECC30D300BC488B /* Zample1Controller.m */,
				8F5C09AA1ECD23240061CDEF /* Zample2Controller.h */,
				8F5C09AB1ECD23240061CDEF /* Zample2Controller.m */,
				8F5C09AD1ECD26A60061CDEF /* Zample3Controller.h */,
				8F5C09AE1ECD26A60061CDEF /* Zample3Controller.m */,
				8F5C09B01ECD3FC80061CDEF /* Zample4Controller.h */,
				8F5C09B11ECD3FC80061CDEF /* Zample4Controller.m */,
				8F5C09B31ECD45280061CDEF /* Zample5Controller.h */,
				8F5C09B41ECD45280061CDEF /* Zample5Controller.m */,
				8F5C09B61ECE88F30061CDEF /* Zample6Controller.h */,
				8F5C09B71ECE88F30061CDEF /* Zample6Controller.m */,
				8F5C09B91ECEDAF00061CDEF /* Zample7Controller.h */,
				8F5C09BA1ECEDAF00061CDEF /* Zample7Controller.m */,
				8F5C09BC1ECEE0140061CDEF /* Zample8Controller.h */,
				8F5C09BD1ECEE0140061CDEF /* Zample8Controller.m */,
				8F5C09BF1ECEE3000061CDEF /* Zample9Controller.h */,
				8F5C09C01ECEE3000061CDEF /* Zample9Controller.m */,
				8F5C09C71ED26CCA0061CDEF /* Zample10Controller.h */,
				8F5C09C81ED26CCA0061CDEF /* Zample10Controller.m */,
				8F5C09C91ED26CCA0061CDEF /* Zample10Controller.xib */,
				8FE9C4F01ED3DBEB003DA221 /* Zample11Controller.h */,
				8FE9C4F11ED3DBEB003DA221 /* Zample11Controller.m */,
				8FE9C4F41ED3DF11003DA221 /* Zample12Controller.h */,
				8FE9C4F51ED3DF11003DA221 /* Zample12Controller.m */,
				8FE9C4FD1ED4018E003DA221 /* Zample13Controller.h */,
				8FE9C4FE1ED4018E003DA221 /* Zample13Controller.m */,
				8FE9C5001ED4045F003DA221 /* Zample14Controller.h */,
				8FE9C5011ED4045F003DA221 /* Zample14Controller.m */,
				8FE9C5031ED405FB003DA221 /* Zample15Controller.h */,
				8FE9C5041ED405FB003DA221 /* Zample15Controller.m */,
				8FE9C5091ED40960003DA221 /* Zample16Controller.h */,
				8FE9C50A1ED40960003DA221 /* Zample16Controller.m */,
				8FE9C50F1ED4189E003DA221 /* Zample17Controller.h */,
				8FE9C5101ED4189E003DA221 /* Zample17Controller.m */,
				8FE9C5121ED41E5D003DA221 /* Zample18Controller.h */,
				8FE9C5131ED41E5D003DA221 /* Zample18Controller.m */,
				8FE9C5211ED42A50003DA221 /* Zample19Controller.h */,
				8FE9C5221ED42A50003DA221 /* Zample19Controller.m */,
				8FE9C5281ED42CC9003DA221 /* Zample20Controller.h */,
				8FE9C5291ED42CC9003DA221 /* Zample20Controller.m */,
				8F25F9211EE68F960052A21D /* Zample21Controller.h */,
				8F25F9221EE68F960052A21D /* Zample21Controller.m */,
			);
			name = layer;
			sourceTree = "<group>";
		};
		8FFC6D521EF0C41400F55173 /* ZampleAnimation */ = {
			isa = PBXGroup;
			children = (
				8F3816D420FDE5E800EFF48C /* za9_jhDemo1 */,
				8F37C0331EFCDC7400EE713F /* za8_jazzhands */,
				8FBE48381EF10E2A005F0E74 /* za1_transition_navigationDelegate */,
				8FBE484A1EF1109A005F0E74 /* za2_transition_present */,
				8FBE485A1EF12EE3005F0E74 /* za3_transition_circle */,
				8FBE48751EF26106005F0E74 /* za4_transition_m34 */,
				8FBE48C11EF64869005F0E74 /* za5_ UIPresentationController */,
				8F37C0141EFB643200EE713F /* za6_emitter */,
				8F37C0181EFB677900EE713F /* za7_basic */,
			);
			path = ZampleAnimation;
			sourceTree = "<group>";
		};
		F7433A0C469446DE85EC8BDA /* Frameworks */ = {
			isa = PBXGroup;
			children = (
				2239B63C1EFDBED1E5150812 /* libPods-AnimationLab.a */,
				D9746C8188902B91538629D8 /* libPods-AnimationLabTests.a */,
				016618C0217F7D5669FF05E4 /* libPods-AnimationLabUITests.a */,
			);
			name = Frameworks;
			sourceTree = "<group>";
		};
/* End PBXGroup section */

/* Begin PBXNativeTarget section */
		8FD33A2F1ECC2E6000BC488B /* AnimationLab */ = {
			isa = PBXNativeTarget;
			buildConfigurationList = 8FD33A5D1ECC2E6000BC488B /* Build configuration list for PBXNativeTarget "AnimationLab" */;
			buildPhases = (
				3E826AAC29638EE1C0A43718 /* [CP] Check Pods Manifest.lock */,
				8FD33A2C1ECC2E6000BC488B /* Sources */,
				8FD33A2D1ECC2E6000BC488B /* Frameworks */,
				8FD33A2E1ECC2E6000BC488B /* Resources */,
				D66B61EE2E8174A2B3711762 /* [CP] Embed Pods Frameworks */,
				6C4A195CCAEBABE30EFF3AFE /* [CP] Copy Pods Resources */,
			);
			buildRules = (
			);
			dependencies = (
			);
			name = AnimationLab;
			productName = AnimationLab;
			productReference = 8FD33A301ECC2E6000BC488B /* AnimationLab.app */;
			productType = "com.apple.product-type.application";
		};
		8FD33A481ECC2E6000BC488B /* AnimationLabTests */ = {
			isa = PBXNativeTarget;
			buildConfigurationList = 8FD33A601ECC2E6000BC488B /* Build configuration list for PBXNativeTarget "AnimationLabTests" */;
			buildPhases = (
				AE77B7866BE86B21366207C8 /* [CP] Check Pods Manifest.lock */,
				8FD33A451ECC2E6000BC488B /* Sources */,
				8FD33A461ECC2E6000BC488B /* Frameworks */,
				8FD33A471ECC2E6000BC488B /* Resources */,
				E884F57777744826E4E254A5 /* [CP] Embed Pods Frameworks */,
				3437B2DC5C229462A0F91B39 /* [CP] Copy Pods Resources */,
			);
			buildRules = (
			);
			dependencies = (
				8FD33A4B1ECC2E6000BC488B /* PBXTargetDependency */,
			);
			name = AnimationLabTests;
			productName = AnimationLabTests;
			productReference = 8FD33A491ECC2E6000BC488B /* AnimationLabTests.xctest */;
			productType = "com.apple.product-type.bundle.unit-test";
		};
		8FD33A531ECC2E6000BC488B /* AnimationLabUITests */ = {
			isa = PBXNativeTarget;
			buildConfigurationList = 8FD33A631ECC2E6000BC488B /* Build configuration list for PBXNativeTarget "AnimationLabUITests" */;
			buildPhases = (
				438119D1D3D35A423EC3C79D /* [CP] Check Pods Manifest.lock */,
				8FD33A501ECC2E6000BC488B /* Sources */,
				8FD33A511ECC2E6000BC488B /* Frameworks */,
				8FD33A521ECC2E6000BC488B /* Resources */,
				5A04C172DE99D775E958999C /* [CP] Embed Pods Frameworks */,
				720748219839557CB456A764 /* [CP] Copy Pods Resources */,
			);
			buildRules = (
			);
			dependencies = (
				8FD33A561ECC2E6000BC488B /* PBXTargetDependency */,
			);
			name = AnimationLabUITests;
			productName = AnimationLabUITests;
			productReference = 8FD33A541ECC2E6000BC488B /* AnimationLabUITests.xctest */;
			productType = "com.apple.product-type.bundle.ui-testing";
		};
/* End PBXNativeTarget section */

/* Begin PBXProject section */
		8FD33A281ECC2E6000BC488B /* Project object */ = {
			isa = PBXProject;
			attributes = {
				LastUpgradeCheck = 0830;
				ORGANIZATIONNAME = teaason;
				TargetAttributes = {
					8FD33A2F1ECC2E6000BC488B = {
						CreatedOnToolsVersion = 8.3.2;
						ProvisioningStyle = Automatic;
					};
					8FD33A481ECC2E6000BC488B = {
						CreatedOnToolsVersion = 8.3.2;
						DevelopmentTeam = E3XZ878L8N;
						ProvisioningStyle = Automatic;
						TestTargetID = 8FD33A2F1ECC2E6000BC488B;
					};
					8FD33A531ECC2E6000BC488B = {
						CreatedOnToolsVersion = 8.3.2;
						DevelopmentTeam = E3XZ878L8N;
						ProvisioningStyle = Automatic;
						TestTargetID = 8FD33A2F1ECC2E6000BC488B;
					};
				};
			};
			buildConfigurationList = 8FD33A2B1ECC2E6000BC488B /* Build configuration list for PBXProject "AnimationLab" */;
			compatibilityVersion = "Xcode 3.2";
			developmentRegion = English;
			hasScannedForEncodings = 0;
			knownRegions = (
				en,
				Base,
			);
			mainGroup = 8FD33A271ECC2E6000BC488B;
			productRefGroup = 8FD33A311ECC2E6000BC488B /* Products */;
			projectDirPath = "";
			projectRoot = "";
			targets = (
				8FD33A2F1ECC2E6000BC488B /* AnimationLab */,
				8FD33A481ECC2E6000BC488B /* AnimationLabTests */,
				8FD33A531ECC2E6000BC488B /* AnimationLabUITests */,
			);
		};
/* End PBXProject section */

/* Begin PBXResourcesBuildPhase section */
		8FD33A2E1ECC2E6000BC488B /* Resources */ = {
			isa = PBXResourcesBuildPhase;
			buildActionMask = 2147483647;
			files = (
				8F37C0321EFB67B100EE713F /* Guide4View.xib in Resources */,
				8F5C09CB1ED26CCA0061CDEF /* Zample10Controller.xib in Resources */,
				8F37C0301EFB67B100EE713F /* Guide3View.xib in Resources */,
				8FE9C5251ED42B14003DA221 /* test.mov in Resources */,
				8F37C02E1EFB67B100EE713F /* Guide2View.xib in Resources */,
				8FD33A431ECC2E6000BC488B /* LaunchScreen.storyboard in Resources */,
				8FBE48451EF10E2A005F0E74 /* ZA1CollectionViewCell.xib in Resources */,
				8FD33A401ECC2E6000BC488B /* Assets.xcassets in Resources */,
				8F37C02C1EFB67B100EE713F /* Guide1View.xib in Resources */,
				8FD33A3E1ECC2E6000BC488B /* Main.storyboard in Resources */,
			);
			runOnlyForDeploymentPostprocessing = 0;
		};
		8FD33A471ECC2E6000BC488B /* Resources */ = {
			isa = PBXResourcesBuildPhase;
			buildActionMask = 2147483647;
			files = (
			);
			runOnlyForDeploymentPostprocessing = 0;
		};
		8FD33A521ECC2E6000BC488B /* Resources */ = {
			isa = PBXResourcesBuildPhase;
			buildActionMask = 2147483647;
			files = (
			);
			runOnlyForDeploymentPostprocessing = 0;
		};
/* End PBXResourcesBuildPhase section */

/* Begin PBXShellScriptBuildPhase section */
		3437B2DC5C229462A0F91B39 /* [CP] Copy Pods Resources */ = {
			isa = PBXShellScriptBuildPhase;
			buildActionMask = 2147483647;
			files = (
			);
			inputPaths = (
			);
			name = "[CP] Copy Pods Resources";
			outputPaths = (
			);
			runOnlyForDeploymentPostprocessing = 0;
			shellPath = /bin/sh;
			shellScript = "\"${SRCROOT}/Pods/Target Support Files/Pods-AnimationLabTests/Pods-AnimationLabTests-resources.sh\"\n";
			showEnvVarsInLog = 0;
		};
		3E826AAC29638EE1C0A43718 /* [CP] Check Pods Manifest.lock */ = {
			isa = PBXShellScriptBuildPhase;
			buildActionMask = 2147483647;
			files = (
			);
			inputPaths = (
				"${PODS_PODFILE_DIR_PATH}/Podfile.lock",
				"${PODS_ROOT}/Manifest.lock",
			);
			name = "[CP] Check Pods Manifest.lock";
			outputPaths = (
				"$(DERIVED_FILE_DIR)/Pods-AnimationLab-checkManifestLockResult.txt",
			);
			runOnlyForDeploymentPostprocessing = 0;
			shellPath = /bin/sh;
			shellScript = "diff \"${PODS_PODFILE_DIR_PATH}/Podfile.lock\" \"${PODS_ROOT}/Manifest.lock\" > /dev/null\nif [ $? != 0 ] ; then\n    # print error to STDERR\n    echo \"error: The sandbox is not in sync with the Podfile.lock. Run 'pod install' or update your CocoaPods installation.\" >&2\n    exit 1\nfi\n# This output is used by Xcode 'outputs' to avoid re-running this script phase.\necho \"SUCCESS\" > \"${SCRIPT_OUTPUT_FILE_0}\"\n";
			showEnvVarsInLog = 0;
		};
		438119D1D3D35A423EC3C79D /* [CP] Check Pods Manifest.lock */ = {
			isa = PBXShellScriptBuildPhase;
			buildActionMask = 2147483647;
			files = (
			);
			inputPaths = (
				"${PODS_PODFILE_DIR_PATH}/Podfile.lock",
				"${PODS_ROOT}/Manifest.lock",
			);
			name = "[CP] Check Pods Manifest.lock";
			outputPaths = (
				"$(DERIVED_FILE_DIR)/Pods-AnimationLabUITests-checkManifestLockResult.txt",
			);
			runOnlyForDeploymentPostprocessing = 0;
			shellPath = /bin/sh;
			shellScript = "diff \"${PODS_PODFILE_DIR_PATH}/Podfile.lock\" \"${PODS_ROOT}/Manifest.lock\" > /dev/null\nif [ $? != 0 ] ; then\n    # print error to STDERR\n    echo \"error: The sandbox is not in sync with the Podfile.lock. Run 'pod install' or update your CocoaPods installation.\" >&2\n    exit 1\nfi\n# This output is used by Xcode 'outputs' to avoid re-running this script phase.\necho \"SUCCESS\" > \"${SCRIPT_OUTPUT_FILE_0}\"\n";
			showEnvVarsInLog = 0;
		};
		5A04C172DE99D775E958999C /* [CP] Embed Pods Frameworks */ = {
			isa = PBXShellScriptBuildPhase;
			buildActionMask = 2147483647;
			files = (
			);
			inputPaths = (
			);
			name = "[CP] Embed Pods Frameworks";
			outputPaths = (
			);
			runOnlyForDeploymentPostprocessing = 0;
			shellPath = /bin/sh;
			shellScript = "\"${SRCROOT}/Pods/Target Support Files/Pods-AnimationLabUITests/Pods-AnimationLabUITests-frameworks.sh\"\n";
			showEnvVarsInLog = 0;
		};
		6C4A195CCAEBABE30EFF3AFE /* [CP] Copy Pods Resources */ = {
			isa = PBXShellScriptBuildPhase;
			buildActionMask = 2147483647;
			files = (
			);
			inputPaths = (
				"${SRCROOT}/Pods/Target Support Files/Pods-AnimationLab/Pods-AnimationLab-resources.sh",
				"${PODS_ROOT}/MJRefresh/MJRefresh/MJRefresh.bundle",
				"${PODS_ROOT}/SVProgressHUD/SVProgressHUD/SVProgressHUD.bundle",
				"${PODS_ROOT}/XTColor/XTColor/color/XTColors.plist",
			);
			name = "[CP] Copy Pods Resources";
			outputPaths = (
				"${TARGET_BUILD_DIR}/${UNLOCALIZED_RESOURCES_FOLDER_PATH}/MJRefresh.bundle",
				"${TARGET_BUILD_DIR}/${UNLOCALIZED_RESOURCES_FOLDER_PATH}/SVProgressHUD.bundle",
				"${TARGET_BUILD_DIR}/${UNLOCALIZED_RESOURCES_FOLDER_PATH}/XTColors.plist",
			);
			runOnlyForDeploymentPostprocessing = 0;
			shellPath = /bin/sh;
			shellScript = "\"${SRCROOT}/Pods/Target Support Files/Pods-AnimationLab/Pods-AnimationLab-resources.sh\"\n";
			showEnvVarsInLog = 0;
		};
		720748219839557CB456A764 /* [CP] Copy Pods Resources */ = {
			isa = PBXShellScriptBuildPhase;
			buildActionMask = 2147483647;
			files = (
			);
			inputPaths = (
			);
			name = "[CP] Copy Pods Resources";
			outputPaths = (
			);
			runOnlyForDeploymentPostprocessing = 0;
			shellPath = /bin/sh;
			shellScript = "\"${SRCROOT}/Pods/Target Support Files/Pods-AnimationLabUITests/Pods-AnimationLabUITests-resources.sh\"\n";
			showEnvVarsInLog = 0;
		};
		AE77B7866BE86B21366207C8 /* [CP] Check Pods Manifest.lock */ = {
			isa = PBXShellScriptBuildPhase;
			buildActionMask = 2147483647;
			files = (
			);
			inputPaths = (
				"${PODS_PODFILE_DIR_PATH}/Podfile.lock",
				"${PODS_ROOT}/Manifest.lock",
			);
			name = "[CP] Check Pods Manifest.lock";
			outputPaths = (
				"$(DERIVED_FILE_DIR)/Pods-AnimationLabTests-checkManifestLockResult.txt",
			);
			runOnlyForDeploymentPostprocessing = 0;
			shellPath = /bin/sh;
			shellScript = "diff \"${PODS_PODFILE_DIR_PATH}/Podfile.lock\" \"${PODS_ROOT}/Manifest.lock\" > /dev/null\nif [ $? != 0 ] ; then\n    # print error to STDERR\n    echo \"error: The sandbox is not in sync with the Podfile.lock. Run 'pod install' or update your CocoaPods installation.\" >&2\n    exit 1\nfi\n# This output is used by Xcode 'outputs' to avoid re-running this script phase.\necho \"SUCCESS\" > \"${SCRIPT_OUTPUT_FILE_0}\"\n";
			showEnvVarsInLog = 0;
		};
		D66B61EE2E8174A2B3711762 /* [CP] Embed Pods Frameworks */ = {
			isa = PBXShellScriptBuildPhase;
			buildActionMask = 2147483647;
			files = (
			);
			inputPaths = (
			);
			name = "[CP] Embed Pods Frameworks";
			outputPaths = (
			);
			runOnlyForDeploymentPostprocessing = 0;
			shellPath = /bin/sh;
			shellScript = "\"${SRCROOT}/Pods/Target Support Files/Pods-AnimationLab/Pods-AnimationLab-frameworks.sh\"\n";
			showEnvVarsInLog = 0;
		};
		E884F57777744826E4E254A5 /* [CP] Embed Pods Frameworks */ = {
			isa = PBXShellScriptBuildPhase;
			buildActionMask = 2147483647;
			files = (
			);
			inputPaths = (
			);
			name = "[CP] Embed Pods Frameworks";
			outputPaths = (
			);
			runOnlyForDeploymentPostprocessing = 0;
			shellPath = /bin/sh;
			shellScript = "\"${SRCROOT}/Pods/Target Support Files/Pods-AnimationLabTests/Pods-AnimationLabTests-frameworks.sh\"\n";
			showEnvVarsInLog = 0;
		};
/* End PBXShellScriptBuildPhase section */

/* Begin PBXSourcesBuildPhase section */
		8FD33A2C1ECC2E6000BC488B /* Sources */ = {
			isa = PBXSourcesBuildPhase;
			buildActionMask = 2147483647;
			files = (
				8F37C0171EFB644600EE713F /* ZA6ViewController.m in Sources */,
				8FBE486A1EF21349005F0E74 /* PingTransition.m in Sources */,
				8FD33A3B1ECC2E6000BC488B /* ViewController.m in Sources */,
				8FBE48591EF11FAF005F0E74 /* ZA2RotationDismissAnimation.m in Sources */,
				8FE9C4FF1ED4018E003DA221 /* Zample13Controller.m in Sources */,
				8FD33A381ECC2E6000BC488B /* AppDelegate.m in Sources */,
				8FBE48741EF22F51005F0E74 /* PingReverseTransition.m in Sources */,
				8FE9C4FC1ED3FF82003DA221 /* LayerLabel.m in Sources */,
				8FD33A681ECC2F0700BC488B /* HomeCell.m in Sources */,
				8FBE48781EF26115005F0E74 /* ZA4ViewController.m in Sources */,
				8F5C09CA1ED26CCA0061CDEF /* Zample10Controller.m in Sources */,
				8FBE48471EF10E2A005F0E74 /* ZA1ReverseTransition.m in Sources */,
				8FBE48491EF10E2A005F0E74 /* ZA1ViewController.m in Sources */,
				8FD33A6C1ECC30D300BC488B /* Zample1Controller.m in Sources */,
				8F5C09AF1ECD26A60061CDEF /* Zample3Controller.m in Sources */,
				8F37C02D1EFB67B100EE713F /* Guide2.m in Sources */,
				8FBE48B71EF36083005F0E74 /* ZA4SecViewController.m in Sources */,
				8F37C02F1EFB67B100EE713F /* Guide3.m in Sources */,
				8FBE48601EF12F1F005F0E74 /* ZA3SecViewController.m in Sources */,
				8F25F9291EE6924C0052A21D /* DrawShapelayerView.m in Sources */,
				8FE9C5111ED4189E003DA221 /* Zample17Controller.m in Sources */,
				8FBE48461EF10E2A005F0E74 /* ZA1PositiveTransition.m in Sources */,
				8FE9C50B1ED40960003DA221 /* Zample16Controller.m in Sources */,
				8F5C09BB1ECEDAF00061CDEF /* Zample7Controller.m in Sources */,
				8F5C09B51ECD45280061CDEF /* Zample5Controller.m in Sources */,
				8FE9C5141ED41E5D003DA221 /* Zample18Controller.m in Sources */,
				8FE9C4F21ED3DBEB003DA221 /* Zample11Controller.m in Sources */,
				8FE9C5081ED407A2003DA221 /* ReflectionView.m in Sources */,
				8FE9C50E1ED40DB5003DA221 /* ScrollView.m in Sources */,
				8FE9C5021ED4045F003DA221 /* Zample14Controller.m in Sources */,
				8F37C02A1EFB67B100EE713F /* StartMoveView.m in Sources */,
				8F37C01B1EFB678500EE713F /* ZA7ViewController.m in Sources */,
				8F37C02B1EFB67B100EE713F /* Guide1.m in Sources */,
				8FBE484D1EF110B5005F0E74 /* ZA2ViewController.m in Sources */,
				8FBE48D31EF6584F005F0E74 /* Z5Transition.m in Sources */,
				8FBE48C01EF3B317005F0E74 /* KYPopInteractiveTransition.m in Sources */,
				8FBE48C41EF64879005F0E74 /* ZA5ViewController.m in Sources */,
				8FBE48D01EF6583D005F0E74 /* Z5PresentationController.m in Sources */,
				8FE9C51D1ED422CF003DA221 /* AnimationViewController.m in Sources */,
				8FBE48531EF11813005F0E74 /* ZA2RotationPresentAnimation.m in Sources */,
				8F25F9231EE68F960052A21D /* Zample21Controller.m in Sources */,
				8F37C0361EFCDC8300EE713F /* ZA8ViewController.m in Sources */,
				8FBE485D1EF12F05005F0E74 /* ZA3ViewController.m in Sources */,
				8F5C09B81ECE88F30061CDEF /* Zample6Controller.m in Sources */,
				8FE9C5051ED405FB003DA221 /* Zample15Controller.m in Sources */,
				8F5C09B21ECD3FC90061CDEF /* Zample4Controller.m in Sources */,
				8FBE48481EF10E2A005F0E74 /* ZA1SecondController.m in Sources */,
				8FE9C5231ED42A50003DA221 /* Zample19Controller.m in Sources */,
				8F25F9261EE68FD20052A21D /* DrawView.m in Sources */,
				8FE9C5171ED4229A003DA221 /* LayerViewController.m in Sources */,
				8F5C09AC1ECD23240061CDEF /* Zample2Controller.m in Sources */,
				8FE9C4F91ED3DF3F003DA221 /* BaseVC.m in Sources */,
				8FBE48501EF111EF005F0E74 /* ZA2SecViewController.m in Sources */,
				8FBE48441EF10E2A005F0E74 /* ZA1CollectionViewCell.m in Sources */,
				8F5C09BE1ECEE0140061CDEF /* Zample8Controller.m in Sources */,
				8FE9C4F61ED3DF11003DA221 /* Zample12Controller.m in Sources */,
				8FBE48C71EF64A9B005F0E74 /* ZA5SecController.m in Sources */,
				8FD33A351ECC2E6000BC488B /* main.m in Sources */,
				8FE9C52A1ED42CC9003DA221 /* Zample20Controller.m in Sources */,
				8FBE48BD1EF365FB005F0E74 /* PushReverseTransition.m in Sources */,
				8F37C0311EFB67B100EE713F /* Guide4.m in Sources */,
				8F5C09C11ECEE3000061CDEF /* Zample9Controller.m in Sources */,
				8FBE48BA1EF360CE005F0E74 /* PushTransition.m in Sources */,
			);
			runOnlyForDeploymentPostprocessing = 0;
		};
		8FD33A451ECC2E6000BC488B /* Sources */ = {
			isa = PBXSourcesBuildPhase;
			buildActionMask = 2147483647;
			files = (
				8FD33A4E1ECC2E6000BC488B /* AnimationLabTests.m in Sources */,
			);
			runOnlyForDeploymentPostprocessing = 0;
		};
		8FD33A501ECC2E6000BC488B /* Sources */ = {
			isa = PBXSourcesBuildPhase;
			buildActionMask = 2147483647;
			files = (
				8FD33A591ECC2E6000BC488B /* AnimationLabUITests.m in Sources */,
			);
			runOnlyForDeploymentPostprocessing = 0;
		};
/* End PBXSourcesBuildPhase section */

/* Begin PBXTargetDependency section */
		8FD33A4B1ECC2E6000BC488B /* PBXTargetDependency */ = {
			isa = PBXTargetDependency;
			target = 8FD33A2F1ECC2E6000BC488B /* AnimationLab */;
			targetProxy = 8FD33A4A1ECC2E6000BC488B /* PBXContainerItemProxy */;
		};
		8FD33A561ECC2E6000BC488B /* PBXTargetDependency */ = {
			isa = PBXTargetDependency;
			target = 8FD33A2F1ECC2E6000BC488B /* AnimationLab */;
			targetProxy = 8FD33A551ECC2E6000BC488B /* PBXContainerItemProxy */;
		};
/* End PBXTargetDependency section */

/* Begin PBXVariantGroup section */
		8FD33A3C1ECC2E6000BC488B /* Main.storyboard */ = {
			isa = PBXVariantGroup;
			children = (
				8FD33A3D1ECC2E6000BC488B /* Base */,
			);
			name = Main.storyboard;
			sourceTree = "<group>";
		};
		8FD33A411ECC2E6000BC488B /* LaunchScreen.storyboard */ = {
			isa = PBXVariantGroup;
			children = (
				8FD33A421ECC2E6000BC488B /* Base */,
			);
			name = LaunchScreen.storyboard;
			sourceTree = "<group>";
		};
/* End PBXVariantGroup section */

/* Begin XCBuildConfiguration section */
		8FD33A5B1ECC2E6000BC488B /* Debug */ = {
			isa = XCBuildConfiguration;
			buildSettings = {
				ALWAYS_SEARCH_USER_PATHS = NO;
				CLANG_ANALYZER_NONNULL = YES;
				CLANG_ANALYZER_NUMBER_OBJECT_CONVERSION = YES_AGGRESSIVE;
				CLANG_CXX_LANGUAGE_STANDARD = "gnu++0x";
				CLANG_CXX_LIBRARY = "libc++";
				CLANG_ENABLE_MODULES = YES;
				CLANG_ENABLE_OBJC_ARC = YES;
				CLANG_WARN_BOOL_CONVERSION = YES;
				CLANG_WARN_CONSTANT_CONVERSION = YES;
				CLANG_WARN_DIRECT_OBJC_ISA_USAGE = YES_ERROR;
				CLANG_WARN_DOCUMENTATION_COMMENTS = YES;
				CLANG_WARN_EMPTY_BODY = YES;
				CLANG_WARN_ENUM_CONVERSION = YES;
				CLANG_WARN_INFINITE_RECURSION = YES;
				CLANG_WARN_INT_CONVERSION = YES;
				CLANG_WARN_OBJC_ROOT_CLASS = YES_ERROR;
				CLANG_WARN_SUSPICIOUS_MOVE = YES;
				CLANG_WARN_UNREACHABLE_CODE = YES;
				CLANG_WARN__DUPLICATE_METHOD_MATCH = YES;
				"CODE_SIGN_IDENTITY[sdk=iphoneos*]" = "iPhone Developer";
				COPY_PHASE_STRIP = NO;
				DEBUG_INFORMATION_FORMAT = dwarf;
				ENABLE_STRICT_OBJC_MSGSEND = YES;
				ENABLE_TESTABILITY = YES;
				GCC_C_LANGUAGE_STANDARD = gnu99;
				GCC_DYNAMIC_NO_PIC = NO;
				GCC_NO_COMMON_BLOCKS = YES;
				GCC_OPTIMIZATION_LEVEL = 0;
				GCC_PREPROCESSOR_DEFINITIONS = (
					"DEBUG=1",
					"$(inherited)",
				);
				GCC_WARN_64_TO_32_BIT_CONVERSION = YES;
				GCC_WARN_ABOUT_RETURN_TYPE = YES_ERROR;
				GCC_WARN_UNDECLARED_SELECTOR = YES;
				GCC_WARN_UNINITIALIZED_AUTOS = YES_AGGRESSIVE;
				GCC_WARN_UNUSED_FUNCTION = YES;
				GCC_WARN_UNUSED_VARIABLE = YES;
				IPHONEOS_DEPLOYMENT_TARGET = 10.3;
				MTL_ENABLE_DEBUG_INFO = YES;
				ONLY_ACTIVE_ARCH = YES;
				SDKROOT = iphoneos;
				TARGETED_DEVICE_FAMILY = "1,2";
			};
			name = Debug;
		};
		8FD33A5C1ECC2E6000BC488B /* Release */ = {
			isa = XCBuildConfiguration;
			buildSettings = {
				ALWAYS_SEARCH_USER_PATHS = NO;
				CLANG_ANALYZER_NONNULL = YES;
				CLANG_ANALYZER_NUMBER_OBJECT_CONVERSION = YES_AGGRESSIVE;
				CLANG_CXX_LANGUAGE_STANDARD = "gnu++0x";
				CLANG_CXX_LIBRARY = "libc++";
				CLANG_ENABLE_MODULES = YES;
				CLANG_ENABLE_OBJC_ARC = YES;
				CLANG_WARN_BOOL_CONVERSION = YES;
				CLANG_WARN_CONSTANT_CONVERSION = YES;
				CLANG_WARN_DIRECT_OBJC_ISA_USAGE = YES_ERROR;
				CLANG_WARN_DOCUMENTATION_COMMENTS = YES;
				CLANG_WARN_EMPTY_BODY = YES;
				CLANG_WARN_ENUM_CONVERSION = YES;
				CLANG_WARN_INFINITE_RECURSION = YES;
				CLANG_WARN_INT_CONVERSION = YES;
				CLANG_WARN_OBJC_ROOT_CLASS = YES_ERROR;
				CLANG_WARN_SUSPICIOUS_MOVE = YES;
				CLANG_WARN_UNREACHABLE_CODE = YES;
				CLANG_WARN__DUPLICATE_METHOD_MATCH = YES;
				"CODE_SIGN_IDENTITY[sdk=iphoneos*]" = "iPhone Developer";
				COPY_PHASE_STRIP = NO;
				DEBUG_INFORMATION_FORMAT = "dwarf-with-dsym";
				ENABLE_NS_ASSERTIONS = NO;
				ENABLE_STRICT_OBJC_MSGSEND = YES;
				GCC_C_LANGUAGE_STANDARD = gnu99;
				GCC_NO_COMMON_BLOCKS = YES;
				GCC_WARN_64_TO_32_BIT_CONVERSION = YES;
				GCC_WARN_ABOUT_RETURN_TYPE = YES_ERROR;
				GCC_WARN_UNDECLARED_SELECTOR = YES;
				GCC_WARN_UNINITIALIZED_AUTOS = YES_AGGRESSIVE;
				GCC_WARN_UNUSED_FUNCTION = YES;
				GCC_WARN_UNUSED_VARIABLE = YES;
				IPHONEOS_DEPLOYMENT_TARGET = 10.3;
				MTL_ENABLE_DEBUG_INFO = NO;
				SDKROOT = iphoneos;
				TARGETED_DEVICE_FAMILY = "1,2";
				VALIDATE_PRODUCT = YES;
			};
			name = Release;
		};
		8FD33A5E1ECC2E6000BC488B /* Debug */ = {
			isa = XCBuildConfiguration;
			baseConfigurationReference = 71E8708252280FA4EA6C86B4 /* Pods-AnimationLab.debug.xcconfig */;
			buildSettings = {
				ASSETCATALOG_COMPILER_APPICON_NAME = AppIcon;
				DEVELOPMENT_TEAM = "";
				INFOPLIST_FILE = AnimationLab/Info.plist;
				LD_RUNPATH_SEARCH_PATHS = "$(inherited) @executable_path/Frameworks";
				PRODUCT_BUNDLE_IDENTIFIER = com.teason.AnimationLab;
				PRODUCT_NAME = "$(TARGET_NAME)";
			};
			name = Debug;
		};
		8FD33A5F1ECC2E6000BC488B /* Release */ = {
			isa = XCBuildConfiguration;
			baseConfigurationReference = EF602FAFB1A457591C4E16B0 /* Pods-AnimationLab.release.xcconfig */;
			buildSettings = {
				ASSETCATALOG_COMPILER_APPICON_NAME = AppIcon;
				DEVELOPMENT_TEAM = "";
				INFOPLIST_FILE = AnimationLab/Info.plist;
				LD_RUNPATH_SEARCH_PATHS = "$(inherited) @executable_path/Frameworks";
				PRODUCT_BUNDLE_IDENTIFIER = com.teason.AnimationLab;
				PRODUCT_NAME = "$(TARGET_NAME)";
			};
			name = Release;
		};
		8FD33A611ECC2E6000BC488B /* Debug */ = {
			isa = XCBuildConfiguration;
			baseConfigurationReference = F60B62A4A3816C74FB22E691 /* Pods-AnimationLabTests.debug.xcconfig */;
			buildSettings = {
				BUNDLE_LOADER = "$(TEST_HOST)";
				DEVELOPMENT_TEAM = E3XZ878L8N;
				INFOPLIST_FILE = AnimationLabTests/Info.plist;
				LD_RUNPATH_SEARCH_PATHS = "$(inherited) @executable_path/Frameworks @loader_path/Frameworks";
				PRODUCT_BUNDLE_IDENTIFIER = com.teason.AnimationLabTests;
				PRODUCT_NAME = "$(TARGET_NAME)";
				TEST_HOST = "$(BUILT_PRODUCTS_DIR)/AnimationLab.app/AnimationLab";
			};
			name = Debug;
		};
		8FD33A621ECC2E6000BC488B /* Release */ = {
			isa = XCBuildConfiguration;
			baseConfigurationReference = E8E6606B2E1E8F4062C02A5B /* Pods-AnimationLabTests.release.xcconfig */;
			buildSettings = {
				BUNDLE_LOADER = "$(TEST_HOST)";
				DEVELOPMENT_TEAM = E3XZ878L8N;
				INFOPLIST_FILE = AnimationLabTests/Info.plist;
				LD_RUNPATH_SEARCH_PATHS = "$(inherited) @executable_path/Frameworks @loader_path/Frameworks";
				PRODUCT_BUNDLE_IDENTIFIER = com.teason.AnimationLabTests;
				PRODUCT_NAME = "$(TARGET_NAME)";
				TEST_HOST = "$(BUILT_PRODUCTS_DIR)/AnimationLab.app/AnimationLab";
			};
			name = Release;
		};
		8FD33A641ECC2E6000BC488B /* Debug */ = {
			isa = XCBuildConfiguration;
			baseConfigurationReference = BDF894231407FC7A206DAB9A /* Pods-AnimationLabUITests.debug.xcconfig */;
			buildSettings = {
				DEVELOPMENT_TEAM = E3XZ878L8N;
				INFOPLIST_FILE = AnimationLabUITests/Info.plist;
				LD_RUNPATH_SEARCH_PATHS = "$(inherited) @executable_path/Frameworks @loader_path/Frameworks";
				PRODUCT_BUNDLE_IDENTIFIER = com.teason.AnimationLabUITests;
				PRODUCT_NAME = "$(TARGET_NAME)";
				TEST_TARGET_NAME = AnimationLab;
			};
			name = Debug;
		};
		8FD33A651ECC2E6000BC488B /* Release */ = {
			isa = XCBuildConfiguration;
			baseConfigurationReference = FF687F742B85D1D162DC2E65 /* Pods-AnimationLabUITests.release.xcconfig */;
			buildSettings = {
				DEVELOPMENT_TEAM = E3XZ878L8N;
				INFOPLIST_FILE = AnimationLabUITests/Info.plist;
				LD_RUNPATH_SEARCH_PATHS = "$(inherited) @executable_path/Frameworks @loader_path/Frameworks";
				PRODUCT_BUNDLE_IDENTIFIER = com.teason.AnimationLabUITests;
				PRODUCT_NAME = "$(TARGET_NAME)";
				TEST_TARGET_NAME = AnimationLab;
			};
			name = Release;
		};
/* End XCBuildConfiguration section */

/* Begin XCConfigurationList section */
		8FD33A2B1ECC2E6000BC488B /* Build configuration list for PBXProject "AnimationLab" */ = {
			isa = XCConfigurationList;
			buildConfigurations = (
				8FD33A5B1ECC2E6000BC488B /* Debug */,
				8FD33A5C1ECC2E6000BC488B /* Release */,
			);
			defaultConfigurationIsVisible = 0;
			defaultConfigurationName = Release;
		};
		8FD33A5D1ECC2E6000BC488B /* Build configuration list for PBXNativeTarget "AnimationLab" */ = {
			isa = XCConfigurationList;
			buildConfigurations = (
				8FD33A5E1ECC2E6000BC488B /* Debug */,
				8FD33A5F1ECC2E6000BC488B /* Release */,
			);
			defaultConfigurationIsVisible = 0;
			defaultConfigurationName = Release;
		};
		8FD33A601ECC2E6000BC488B /* Build configuration list for PBXNativeTarget "AnimationLabTests" */ = {
			isa = XCConfigurationList;
			buildConfigurations = (
				8FD33A611ECC2E6000BC488B /* Debug */,
				8FD33A621ECC2E6000BC488B /* Release */,
			);
			defaultConfigurationIsVisible = 0;
			defaultConfigurationName = Release;
		};
		8FD33A631ECC2E6000BC488B /* Build configuration list for PBXNativeTarget "AnimationLabUITests" */ = {
			isa = XCConfigurationList;
			buildConfigurations = (
				8FD33A641ECC2E6000BC488B /* Debug */,
				8FD33A651ECC2E6000BC488B /* Release */,
			);
			defaultConfigurationIsVisible = 0;
			defaultConfigurationName = Release;
		};
/* End XCConfigurationList section */
	};
	rootObject = 8FD33A281ECC2E6000BC488B /* Project object */;
}
